
Microsoft Visual Studio Solution File, Format Version 11.00
# Visual Studio Version 16
Project("{8BC9CEB8-8B4A-11D0-8D11-00A0C91BC942}") = "3d", "3d.vcxproj", "{D722920C-D2E4-47D0-A281-160D629632F2}"
EndProject
Project("{8BC9CEB8-8B4A-11D0-8D11-00A0C91BC942}") = "asyncio", "asyncio.vcxproj", "{82B3AC22-0A70-4F80-96FC-04ACC6F9CD60}"
EndProject
Project("{8BC9CEB8-8B4A-11D0-8D11-00A0C91BC942}") = "channel_groups", "channel_groups.vcxproj", "{F2A4EF37-DDEC-40A2-99A3-89FA754CFDF9}"
EndProject
Project("{8BC9CEB8-8B4A-11D0-8D11-00A0C91BC942}") = "convolution_reverb", "convolution_reverb.vcxproj", "{85244ACC-943F-4D20-A1A9-85AF8FE37632}"
EndProject
Project("{8BC9CEB8-8B4A-11D0-8D11-00A0C91BC942}") = "dsp_custom", "dsp_custom.vcxproj", "{A2909CA2-629A-4514-8922-D39A6CDCAE78}"
EndProject
Project("{8BC9CEB8-8B4A-11D0-8D11-00A0C91BC942}") = "dsp_effect_per_speaker", "dsp_effect_per_speaker.vcxproj", "{2E183408-EE1E-4AD7-8AEB-5ACC3A8E738E}"
EndProject
Project("{8BC9CEB8-8B4A-11D0-8D11-00A0C91BC942}") = "dsp_inspector", "dsp_inspector.vcxproj", "{2EF44B54-001D-4872-AC1B-8D75589B797B}"
EndProject
Project("{8BC9CEB8-8B4A-11D0-8D11-00A0C91BC942}") = "effects", "effects.vcxproj", "{CA145572-C1D5-4043-8260-1E2194FF6108}"
EndProject
Project("{8BC9CEB8-8B4A-11D0-8D11-00A0C91BC942}") = "gapless_playback", "gapless_playback.vcxproj", "{EA53CEC0-9108-4D12-A1DB-145803C39DD3}"
EndProject
Project("{8BC9CEB8-8B4A-11D0-8D11-00A0C91BC942}") = "generate_tone", "generate_tone.vcxproj", "{03A86015-5328-4C83-83C2-B0ED49F62CA4}"
EndProject
Project("{8BC9CEB8-8B4A-11D0-8D11-00A0C91BC942}") = "granular_synth", "granular_synth.vcxproj", "{6223E619-5388-4752-A094-FAF1DF9CE28E}"
EndProject
Project("{8BC9CEB8-8B4A-11D0-8D11-00A0C91BC942}") = "load_from_memory", "load_from_memory.vcxproj", "{7E480EED-A8B2-4ACD-8A6A-131EC1311F5A}"
EndProject
Project("{8BC9CEB8-8B4A-11D0-8D11-00A0C91BC942}") = "multiple_speaker", "multiple_speaker.vcxproj", "{2FEB203F-DDDC-4847-9E33-F3B844F6AB8E}"
EndProject
Project("{8BC9CEB8-8B4A-11D0-8D11-00A0C91BC942}") = "multiple_system", "multiple_system.vcxproj", "{201A20CC-08A3-45C3-8A76-CCCB3D8012F4}"
EndProject
Project("{8BC9CEB8-8B4A-11D0-8D11-00A0C91BC942}") = "net_stream", "net_stream.vcxproj", "{CF4BA252-EF67-403A-B84A-7F08B5EC05FD}"
EndProject
Project("{8BC9CEB8-8B4A-11D0-8D11-00A0C91BC942}") = "play_sound", "play_sound.vcxproj", "{4817A7D6-9469-4F83-94F6-AA2AAAA513D3}"
EndProject
Project("{8BC9CEB8-8B4A-11D0-8D11-00A0C91BC942}") = "play_stream", "play_stream.vcxproj", "{298576D1-BD4C-4821-BCB1-3466ED84BA52}"
EndProject
Project("{8BC9CEB8-8B4A-11D0-8D11-00A0C91BC942}") = "record", "record.vcxproj", "{86B9BF1A-7FD1-4E9D-A070-8F4A84BFE42B}"
EndProject
Project("{8BC9CEB8-8B4A-11D0-8D11-00A0C91BC942}") = "record_enumeration", "record_enumeration.vcxproj", "{8FA12903-769D-4022-9344-4E5E2CD2C8A8}"
EndProject
Project("{8BC9CEB8-8B4A-11D0-8D11-00A0C91BC942}") = "user_created_sound", "user_created_sound.vcxproj", "{23BFEF7B-F61A-4EEA-9876-862B76C21785}"
EndProject
Project("{8BC9CEB8-8B4A-11D0-8D11-00A0C91BC942}") = "fmod_codec_raw", "fmod_codec_raw.vcxproj", "{9C15FF48-AE89-42C5-B01A-C0929360BDF4}"
EndProject
Project("{8BC9CEB8-8B4A-11D0-8D11-00A0C91BC942}") = "fmod_distance_filter", "fmod_distance_filter.vcxproj", "{A4FA4615-439C-4C0E-9F97-3DF30BCC5EA1}"
EndProject
Project("{8BC9CEB8-8B4A-11D0-8D11-00A0C91BC942}") = "fmod_gain", "fmod_gain.vcxproj", "{5A11B525-0D38-4E0E-9554-859364CBF701}"
EndProject
Project("{8BC9CEB8-8B4A-11D0-8D11-00A0C91BC942}") = "fmod_noise", "fmod_noise.vcxproj", "{ABFC8BD0-8D4D-4E32-AA94-4AA15561DC1B}"
EndProject
Project("{8BC9CEB8-8B4A-11D0-8D11-00A0C91BC942}") = "fmod_rnbo", "fmod_rnbo.vcxproj", "{67FC3A62-F120-4262-A49F-F65CFE48D37F}"
EndProject
Project("{8BC9CEB8-8B4A-11D0-8D11-00A0C91BC942}") = "output_mp3", "output_mp3.vcxproj", "{81E61FA8-6218-44D1-A5A6-655C4BCD6724}"
EndProject
Global
	GlobalSection(SolutionConfigurationPlatforms) = preSolution
		Debug|Win32 = Debug|Win32
		Debug|x64 = Debug|x64
		Debug|ARM64 = Debug|ARM64
		Release|Win32 = Release|Win32
		Release|x64 = Release|x64
		Release|ARM64 = Release|ARM64
	EndGlobalSection
	GlobalSection(ProjectConfigurationPlatforms) = postSolution
		{D722920C-D2E4-47D0-A281-160D629632F2}.Debug|Win32.ActiveCfg = Debug|Win32
		{D722920C-D2E4-47D0-A281-160D629632F2}.Debug|Win32.Build.0 = Debug|Win32
		{D722920C-D2E4-47D0-A281-160D629632F2}.Debug|Win32.Deploy.0 = Debug|Win32
		{D722920C-D2E4-47D0-A281-160D629632F2}.Debug|x64.ActiveCfg = Debug|x64
		{D722920C-D2E4-47D0-A281-160D629632F2}.Debug|x64.Build.0 = Debug|x64
		{D722920C-D2E4-47D0-A281-160D629632F2}.Debug|x64.Deploy.0 = Debug|x64
		{D722920C-D2E4-47D0-A281-160D629632F2}.Debug|ARM64.ActiveCfg = Debug|ARM64
		{D722920C-D2E4-47D0-A281-160D629632F2}.Debug|ARM64.Build.0 = Debug|ARM64
		{D722920C-D2E4-47D0-A281-160D629632F2}.Debug|ARM64.Deploy.0 = Debug|ARM64
		{D722920C-D2E4-47D0-A281-160D629632F2}.Release|Win32.ActiveCfg = Release|Win32
		{D722920C-D2E4-47D0-A281-160D629632F2}.Release|Win32.Build.0 = Release|Win32
		{D722920C-D2E4-47D0-A281-160D629632F2}.Release|Win32.Deploy.0 = Release|Win32
		{D722920C-D2E4-47D0-A281-160D629632F2}.Release|x64.ActiveCfg = Release|x64
		{D722920C-D2E4-47D0-A281-160D629632F2}.Release|x64.Build.0 = Release|x64
		{D722920C-D2E4-47D0-A281-160D629632F2}.Release|x64.Deploy.0 = Release|x64
		{D722920C-D2E4-47D0-A281-160D629632F2}.Release|ARM64.ActiveCfg = Release|ARM64
		{D722920C-D2E4-47D0-A281-160D629632F2}.Release|ARM64.Build.0 = Release|ARM64
		{D722920C-D2E4-47D0-A281-160D629632F2}.Release|ARM64.Deploy.0 = Release|ARM64
		{82B3AC22-0A70-4F80-96FC-04ACC6F9CD60}.Debug|Win32.ActiveCfg = Debug|Win32
		{82B3AC22-0A70-4F80-96FC-04ACC6F9CD60}.Debug|Win32.Build.0 = Debug|Win32
		{82B3AC22-0A70-4F80-96FC-04ACC6F9CD60}.Debug|Win32.Deploy.0 = Debug|Win32
		{82B3AC22-0A70-4F80-96FC-04ACC6F9CD60}.Debug|x64.ActiveCfg = Debug|x64
		{82B3AC22-0A70-4F80-96FC-04ACC6F9CD60}.Debug|x64.Build.0 = Debug|x64
		{82B3AC22-0A70-4F80-96FC-04ACC6F9CD60}.Debug|x64.Deploy.0 = Debug|x64
		{82B3AC22-0A70-4F80-96FC-04ACC6F9CD60}.Debug|ARM64.ActiveCfg = Debug|ARM64
		{82B3AC22-0A70-4F80-96FC-04ACC6F9CD60}.Debug|ARM64.Build.0 = Debug|ARM64
		{82B3AC22-0A70-4F80-96FC-04ACC6F9CD60}.Debug|ARM64.Deploy.0 = Debug|ARM64
		{82B3AC22-0A70-4F80-96FC-04ACC6F9CD60}.Release|Win32.ActiveCfg = Release|Win32
		{82B3AC22-0A70-4F80-96FC-04ACC6F9CD60}.Release|Win32.Build.0 = Release|Win32
		{82B3AC22-0A70-4F80-96FC-04ACC6F9CD60}.Release|Win32.Deploy.0 = Release|Win32
		{82B3AC22-0A70-4F80-96FC-04ACC6F9CD60}.Release|x64.ActiveCfg = Release|x64
		{82B3AC22-0A70-4F80-96FC-04ACC6F9CD60}.Release|x64.Build.0 = Release|x64
		{82B3AC22-0A70-4F80-96FC-04ACC6F9CD60}.Release|x64.Deploy.0 = Release|x64
		{82B3AC22-0A70-4F80-96FC-04ACC6F9CD60}.Release|ARM64.ActiveCfg = Release|ARM64
		{82B3AC22-0A70-4F80-96FC-04ACC6F9CD60}.Release|ARM64.Build.0 = Release|ARM64
		{82B3AC22-0A70-4F80-96FC-04ACC6F9CD60}.Release|ARM64.Deploy.0 = Release|ARM64
		{F2A4EF37-DDEC-40A2-99A3-89FA754CFDF9}.Debug|Win32.ActiveCfg = Debug|Win32
		{F2A4EF37-DDEC-40A2-99A3-89FA754CFDF9}.Debug|Win32.Build.0 = Debug|Win32
		{F2A4EF37-DDEC-40A2-99A3-89FA754CFDF9}.Debug|Win32.Deploy.0 = Debug|Win32
		{F2A4EF37-DDEC-40A2-99A3-89FA754CFDF9}.Debug|x64.ActiveCfg = Debug|x64
		{F2A4EF37-DDEC-40A2-99A3-89FA754CFDF9}.Debug|x64.Build.0 = Debug|x64
		{F2A4EF37-DDEC-40A2-99A3-89FA754CFDF9}.Debug|x64.Deploy.0 = Debug|x64
		{F2A4EF37-DDEC-40A2-99A3-89FA754CFDF9}.Debug|ARM64.ActiveCfg = Debug|ARM64
		{F2A4EF37-DDEC-40A2-99A3-89FA754CFDF9}.Debug|ARM64.Build.0 = Debug|ARM64
		{F2A4EF37-DDEC-40A2-99A3-89FA754CFDF9}.Debug|ARM64.Deploy.0 = Debug|ARM64
		{F2A4EF37-DDEC-40A2-99A3-89FA754CFDF9}.Release|Win32.ActiveCfg = Release|Win32
		{F2A4EF37-DDEC-40A2-99A3-89FA754CFDF9}.Release|Win32.Build.0 = Release|Win32
		{F2A4EF37-DDEC-40A2-99A3-89FA754CFDF9}.Release|Win32.Deploy.0 = Release|Win32
		{F2A4EF37-DDEC-40A2-99A3-89FA754CFDF9}.Release|x64.ActiveCfg = Release|x64
		{F2A4EF37-DDEC-40A2-99A3-89FA754CFDF9}.Release|x64.Build.0 = Release|x64
		{F2A4EF37-DDEC-40A2-99A3-89FA754CFDF9}.Release|x64.Deploy.0 = Release|x64
		{F2A4EF37-DDEC-40A2-99A3-89FA754CFDF9}.Release|ARM64.ActiveCfg = Release|ARM64
		{F2A4EF37-DDEC-40A2-99A3-89FA754CFDF9}.Release|ARM64.Build.0 = Release|ARM64
		{F2A4EF37-DDEC-40A2-99A3-89FA754CFDF9}.Release|ARM64.Deploy.0 = Release|ARM64
		{85244ACC-943F-4D20-A1A9-85AF8FE37632}.Debug|Win32.ActiveCfg = Debug|Win32
		{85244ACC-943F-4D20-A1A9-85AF8FE37632}.Debug|Win32.Build.0 = Debug|Win32
		{85244ACC-943F-4D20-A1A9-85AF8FE37632}.Debug|Win32.Deploy.0 = Debug|Win32
		{85244ACC-943F-4D20-A1A9-85AF8FE37632}.Debug|x64.ActiveCfg = Debug|x64
		{85244ACC-943F-4D20-A1A9-85AF8FE37632}.Debug|x64.Build.0 = Debug|x64
		{85244ACC-943F-4D20-A1A9-85AF8FE37632}.Debug|x64.Deploy.0 = Debug|x64
		{85244ACC-943F-4D20-A1A9-85AF8FE37632}.Debug|ARM64.ActiveCfg = Debug|ARM64
		{85244ACC-943F-4D20-A1A9-85AF8FE37632}.Debug|ARM64.Build.0 = Debug|ARM64
		{85244ACC-943F-4D20-A1A9-85AF8FE37632}.Debug|ARM64.Deploy.0 = Debug|ARM64
		{85244ACC-943F-4D20-A1A9-85AF8FE37632}.Release|Win32.ActiveCfg = Release|Win32
		{85244ACC-943F-4D20-A1A9-85AF8FE37632}.Release|Win32.Build.0 = Release|Win32
		{85244ACC-943F-4D20-A1A9-85AF8FE37632}.Release|Win32.Deploy.0 = Release|Win32
		{85244ACC-943F-4D20-A1A9-85AF8FE37632}.Release|x64.ActiveCfg = Release|x64
		{85244ACC-943F-4D20-A1A9-85AF8FE37632}.Release|x64.Build.0 = Release|x64
		{85244ACC-943F-4D20-A1A9-85AF8FE37632}.Release|x64.Deploy.0 = Release|x64
		{85244ACC-943F-4D20-A1A9-85AF8FE37632}.Release|ARM64.ActiveCfg = Release|ARM64
		{85244ACC-943F-4D20-A1A9-85AF8FE37632}.Release|ARM64.Build.0 = Release|ARM64
		{85244ACC-943F-4D20-A1A9-85AF8FE37632}.Release|ARM64.Deploy.0 = Release|ARM64
		{A2909CA2-629A-4514-8922-D39A6CDCAE78}.Debug|Win32.ActiveCfg = Debug|Win32
		{A2909CA2-629A-4514-8922-D39A6CDCAE78}.Debug|Win32.Build.0 = Debug|Win32
		{A2909CA2-629A-4514-8922-D39A6CDCAE78}.Debug|Win32.Deploy.0 = Debug|Win32
		{A2909CA2-629A-4514-8922-D39A6CDCAE78}.Debug|x64.ActiveCfg = Debug|x64
		{A2909CA2-629A-4514-8922-D39A6CDCAE78}.Debug|x64.Build.0 = Debug|x64
		{A2909CA2-629A-4514-8922-D39A6CDCAE78}.Debug|x64.Deploy.0 = Debug|x64
		{A2909CA2-629A-4514-8922-D39A6CDCAE78}.Debug|ARM64.ActiveCfg = Debug|ARM64
		{A2909CA2-629A-4514-8922-D39A6CDCAE78}.Debug|ARM64.Build.0 = Debug|ARM64
		{A2909CA2-629A-4514-8922-D39A6CDCAE78}.Debug|ARM64.Deploy.0 = Debug|ARM64
		{A2909CA2-629A-4514-8922-D39A6CDCAE78}.Release|Win32.ActiveCfg = Release|Win32
		{A2909CA2-629A-4514-8922-D39A6CDCAE78}.Release|Win32.Build.0 = Release|Win32
		{A2909CA2-629A-4514-8922-D39A6CDCAE78}.Release|Win32.Deploy.0 = Release|Win32
		{A2909CA2-629A-4514-8922-D39A6CDCAE78}.Release|x64.ActiveCfg = Release|x64
		{A2909CA2-629A-4514-8922-D39A6CDCAE78}.Release|x64.Build.0 = Release|x64
		{A2909CA2-629A-4514-8922-D39A6CDCAE78}.Release|x64.Deploy.0 = Release|x64
		{A2909CA2-629A-4514-8922-D39A6CDCAE78}.Release|ARM64.ActiveCfg = Release|ARM64
		{A2909CA2-629A-4514-8922-D39A6CDCAE78}.Release|ARM64.Build.0 = Release|ARM64
		{A2909CA2-629A-4514-8922-D39A6CDCAE78}.Release|ARM64.Deploy.0 = Release|ARM64
		{2E183408-EE1E-4AD7-8AEB-5ACC3A8E738E}.Debug|Win32.ActiveCfg = Debug|Win32
		{2E183408-EE1E-4AD7-8AEB-5ACC3A8E738E}.Debug|Win32.Build.0 = Debug|Win32
		{2E183408-EE1E-4AD7-8AEB-5ACC3A8E738E}.Debug|Win32.Deploy.0 = Debug|Win32
		{2E183408-EE1E-4AD7-8AEB-5ACC3A8E738E}.Debug|x64.ActiveCfg = Debug|x64
		{2E183408-EE1E-4AD7-8AEB-5ACC3A8E738E}.Debug|x64.Build.0 = Debug|x64
		{2E183408-EE1E-4AD7-8AEB-5ACC3A8E738E}.Debug|x64.Deploy.0 = Debug|x64
		{2E183408-EE1E-4AD7-8AEB-5ACC3A8E738E}.Debug|ARM64.ActiveCfg = Debug|ARM64
		{2E183408-EE1E-4AD7-8AEB-5ACC3A8E738E}.Debug|ARM64.Build.0 = Debug|ARM64
		{2E183408-EE1E-4AD7-8AEB-5ACC3A8E738E}.Debug|ARM64.Deploy.0 = Debug|ARM64
		{2E183408-EE1E-4AD7-8AEB-5ACC3A8E738E}.Release|Win32.ActiveCfg = Release|Win32
		{2E183408-EE1E-4AD7-8AEB-5ACC3A8E738E}.Release|Win32.Build.0 = Release|Win32
		{2E183408-EE1E-4AD7-8AEB-5ACC3A8E738E}.Release|Win32.Deploy.0 = Release|Win32
		{2E183408-EE1E-4AD7-8AEB-5ACC3A8E738E}.Release|x64.ActiveCfg = Release|x64
		{2E183408-EE1E-4AD7-8AEB-5ACC3A8E738E}.Release|x64.Build.0 = Release|x64
		{2E183408-EE1E-4AD7-8AEB-5ACC3A8E738E}.Release|x64.Deploy.0 = Release|x64
		{2E183408-EE1E-4AD7-8AEB-5ACC3A8E738E}.Release|ARM64.ActiveCfg = Release|ARM64
		{2E183408-EE1E-4AD7-8AEB-5ACC3A8E738E}.Release|ARM64.Build.0 = Release|ARM64
		{2E183408-EE1E-4AD7-8AEB-5ACC3A8E738E}.Release|ARM64.Deploy.0 = Release|ARM64
		{2EF44B54-001D-4872-AC1B-8D75589B797B}.Debug|Win32.ActiveCfg = Debug|Win32
		{2EF44B54-001D-4872-AC1B-8D75589B797B}.Debug|Win32.Build.0 = Debug|Win32
		{2EF44B54-001D-4872-AC1B-8D75589B797B}.Debug|Win32.Deploy.0 = Debug|Win32
		{2EF44B54-001D-4872-AC1B-8D75589B797B}.Debug|x64.ActiveCfg = Debug|x64
		{2EF44B54-001D-4872-AC1B-8D75589B797B}.Debug|x64.Build.0 = Debug|x64
		{2EF44B54-001D-4872-AC1B-8D75589B797B}.Debug|x64.Deploy.0 = Debug|x64
		{2EF44B54-001D-4872-AC1B-8D75589B797B}.Debug|ARM64.ActiveCfg = Debug|ARM64
		{2EF44B54-001D-4872-AC1B-8D75589B797B}.Debug|ARM64.Build.0 = Debug|ARM64
		{2EF44B54-001D-4872-AC1B-8D75589B797B}.Debug|ARM64.Deploy.0 = Debug|ARM64
		{2EF44B54-001D-4872-AC1B-8D75589B797B}.Release|Win32.ActiveCfg = Release|Win32
		{2EF44B54-001D-4872-AC1B-8D75589B797B}.Release|Win32.Build.0 = Release|Win32
		{2EF44B54-001D-4872-AC1B-8D75589B797B}.Release|Win32.Deploy.0 = Release|Win32
		{2EF44B54-001D-4872-AC1B-8D75589B797B}.Release|x64.ActiveCfg = Release|x64
		{2EF44B54-001D-4872-AC1B-8D75589B797B}.Release|x64.Build.0 = Release|x64
		{2EF44B54-001D-4872-AC1B-8D75589B797B}.Release|x64.Deploy.0 = Release|x64
		{2EF44B54-001D-4872-AC1B-8D75589B797B}.Release|ARM64.ActiveCfg = Release|ARM64
		{2EF44B54-001D-4872-AC1B-8D75589B797B}.Release|ARM64.Build.0 = Release|ARM64
		{2EF44B54-001D-4872-AC1B-8D75589B797B}.Release|ARM64.Deploy.0 = Release|ARM64
		{CA145572-C1D5-4043-8260-1E2194FF6108}.Debug|Win32.ActiveCfg = Debug|Win32
		{CA145572-C1D5-4043-8260-1E2194FF6108}.Debug|Win32.Build.0 = Debug|Win32
		{CA145572-C1D5-4043-8260-1E2194FF6108}.Debug|Win32.Deploy.0 = Debug|Win32
		{CA145572-C1D5-4043-8260-1E2194FF6108}.Debug|x64.ActiveCfg = Debug|x64
		{CA145572-C1D5-4043-8260-1E2194FF6108}.Debug|x64.Build.0 = Debug|x64
		{CA145572-C1D5-4043-8260-1E2194FF6108}.Debug|x64.Deploy.0 = Debug|x64
		{CA145572-C1D5-4043-8260-1E2194FF6108}.Debug|ARM64.ActiveCfg = Debug|ARM64
		{CA145572-C1D5-4043-8260-1E2194FF6108}.Debug|ARM64.Build.0 = Debug|ARM64
		{CA145572-C1D5-4043-8260-1E2194FF6108}.Debug|ARM64.Deploy.0 = Debug|ARM64
		{CA145572-C1D5-4043-8260-1E2194FF6108}.Release|Win32.ActiveCfg = Release|Win32
		{CA145572-C1D5-4043-8260-1E2194FF6108}.Release|Win32.Build.0 = Release|Win32
		{CA145572-C1D5-4043-8260-1E2194FF6108}.Release|Win32.Deploy.0 = Release|Win32
		{CA145572-C1D5-4043-8260-1E2194FF6108}.Release|x64.ActiveCfg = Release|x64
		{CA145572-C1D5-4043-8260-1E2194FF6108}.Release|x64.Build.0 = Release|x64
		{CA145572-C1D5-4043-8260-1E2194FF6108}.Release|x64.Deploy.0 = Release|x64
		{CA145572-C1D5-4043-8260-1E2194FF6108}.Release|ARM64.ActiveCfg = Release|ARM64
		{CA145572-C1D5-4043-8260-1E2194FF6108}.Release|ARM64.Build.0 = Release|ARM64
		{CA145572-C1D5-4043-8260-1E2194FF6108}.Release|ARM64.Deploy.0 = Release|ARM64
		{EA53CEC0-9108-4D12-A1DB-145803C39DD3}.Debug|Win32.ActiveCfg = Debug|Win32
		{EA53CEC0-9108-4D12-A1DB-145803C39DD3}.Debug|Win32.Build.0 = Debug|Win32
		{EA53CEC0-9108-4D12-A1DB-145803C39DD3}.Debug|Win32.Deploy.0 = Debug|Win32
		{EA53CEC0-9108-4D12-A1DB-145803C39DD3}.Debug|x64.ActiveCfg = Debug|x64
		{EA53CEC0-9108-4D12-A1DB-145803C39DD3}.Debug|x64.Build.0 = Debug|x64
		{EA53CEC0-9108-4D12-A1DB-145803C39DD3}.Debug|x64.Deploy.0 = Debug|x64
		{EA53CEC0-9108-4D12-A1DB-145803C39DD3}.Debug|ARM64.ActiveCfg = Debug|ARM64
		{EA53CEC0-9108-4D12-A1DB-145803C39DD3}.Debug|ARM64.Build.0 = Debug|ARM64
		{EA53CEC0-9108-4D12-A1DB-145803C39DD3}.Debug|ARM64.Deploy.0 = Debug|ARM64
		{EA53CEC0-9108-4D12-A1DB-145803C39DD3}.Release|Win32.ActiveCfg = Release|Win32
		{EA53CEC0-9108-4D12-A1DB-145803C39DD3}.Release|Win32.Build.0 = Release|Win32
		{EA53CEC0-9108-4D12-A1DB-145803C39DD3}.Release|Win32.Deploy.0 = Release|Win32
		{EA53CEC0-9108-4D12-A1DB-145803C39DD3}.Release|x64.ActiveCfg = Release|x64
		{EA53CEC0-9108-4D12-A1DB-145803C39DD3}.Release|x64.Build.0 = Release|x64
		{EA53CEC0-9108-4D12-A1DB-145803C39DD3}.Release|x64.Deploy.0 = Release|x64
		{EA53CEC0-9108-4D12-A1DB-145803C39DD3}.Release|ARM64.ActiveCfg = Release|ARM64
		{EA53CEC0-9108-4D12-A1DB-145803C39DD3}.Release|ARM64.Build.0 = Release|ARM64
		{EA53CEC0-9108-4D12-A1DB-145803C39DD3}.Release|ARM64.Deploy.0 = Release|ARM64
		{03A86015-5328-4C83-83C2-B0ED49F62CA4}.Debug|Win32.ActiveCfg = Debug|Win32
		{03A86015-5328-4C83-83C2-B0ED49F62CA4}.Debug|Win32.Build.0 = Debug|Win32
		{03A86015-5328-4C83-83C2-B0ED49F62CA4}.Debug|Win32.Deploy.0 = Debug|Win32
		{03A86015-5328-4C83-83C2-B0ED49F62CA4}.Debug|x64.ActiveCfg = Debug|x64
		{03A86015-5328-4C83-83C2-B0ED49F62CA4}.Debug|x64.Build.0 = Debug|x64
		{03A86015-5328-4C83-83C2-B0ED49F62CA4}.Debug|x64.Deploy.0 = Debug|x64
		{03A86015-5328-4C83-83C2-B0ED49F62CA4}.Debug|ARM64.ActiveCfg = Debug|ARM64
		{03A86015-5328-4C83-83C2-B0ED49F62CA4}.Debug|ARM64.Build.0 = Debug|ARM64
		{03A86015-5328-4C83-83C2-B0ED49F62CA4}.Debug|ARM64.Deploy.0 = Debug|ARM64
		{03A86015-5328-4C83-83C2-B0ED49F62CA4}.Release|Win32.ActiveCfg = Release|Win32
		{03A86015-5328-4C83-83C2-B0ED49F62CA4}.Release|Win32.Build.0 = Release|Win32
		{03A86015-5328-4C83-83C2-B0ED49F62CA4}.Release|Win32.Deploy.0 = Release|Win32
		{03A86015-5328-4C83-83C2-B0ED49F62CA4}.Release|x64.ActiveCfg = Release|x64
		{03A86015-5328-4C83-83C2-B0ED49F62CA4}.Release|x64.Build.0 = Release|x64
		{03A86015-5328-4C83-83C2-B0ED49F62CA4}.Release|x64.Deploy.0 = Release|x64
		{03A86015-5328-4C83-83C2-B0ED49F62CA4}.Release|ARM64.ActiveCfg = Release|ARM64
		{03A86015-5328-4C83-83C2-B0ED49F62CA4}.Release|ARM64.Build.0 = Release|ARM64
		{03A86015-5328-4C83-83C2-B0ED49F62CA4}.Release|ARM64.Deploy.0 = Release|ARM64
		{6223E619-5388-4752-A094-FAF1DF9CE28E}.Debug|Win32.ActiveCfg = Debug|Win32
		{6223E619-5388-4752-A094-FAF1DF9CE28E}.Debug|Win32.Build.0 = Debug|Win32
		{6223E619-5388-4752-A094-FAF1DF9CE28E}.Debug|Win32.Deploy.0 = Debug|Win32
		{6223E619-5388-4752-A094-FAF1DF9CE28E}.Debug|x64.ActiveCfg = Debug|x64
		{6223E619-5388-4752-A094-FAF1DF9CE28E}.Debug|x64.Build.0 = Debug|x64
		{6223E619-5388-4752-A094-FAF1DF9CE28E}.Debug|x64.Deploy.0 = Debug|x64
		{6223E619-5388-4752-A094-FAF1DF9CE28E}.Debug|ARM64.ActiveCfg = Debug|ARM64
		{6223E619-5388-4752-A094-FAF1DF9CE28E}.Debug|ARM64.Build.0 = Debug|ARM64
		{6223E619-5388-4752-A094-FAF1DF9CE28E}.Debug|ARM64.Deploy.0 = Debug|ARM64
		{6223E619-5388-4752-A094-FAF1DF9CE28E}.Release|Win32.ActiveCfg = Release|Win32
		{6223E619-5388-4752-A094-FAF1DF9CE28E}.Release|Win32.Build.0 = Release|Win32
		{6223E619-5388-4752-A094-FAF1DF9CE28E}.Release|Win32.Deploy.0 = Release|Win32
		{6223E619-5388-4752-A094-FAF1DF9CE28E}.Release|x64.ActiveCfg = Release|x64
		{6223E619-5388-4752-A094-FAF1DF9CE28E}.Release|x64.Build.0 = Release|x64
		{6223E619-5388-4752-A094-FAF1DF9CE28E}.Release|x64.Deploy.0 = Release|x64
		{6223E619-5388-4752-A094-FAF1DF9CE28E}.Release|ARM64.ActiveCfg = Release|ARM64
		{6223E619-5388-4752-A094-FAF1DF9CE28E}.Release|ARM64.Build.0 = Release|ARM64
		{6223E619-5388-4752-A094-FAF1DF9CE28E}.Release|ARM64.Deploy.0 = Release|ARM64
		{7E480EED-A8B2-4ACD-8A6A-131EC1311F5A}.Debug|Win32.ActiveCfg = Debug|Win32
		{7E480EED-A8B2-4ACD-8A6A-131EC1311F5A}.Debug|Win32.Build.0 = Debug|Win32
		{7E480EED-A8B2-4ACD-8A6A-131EC1311F5A}.Debug|Win32.Deploy.0 = Debug|Win32
		{7E480EED-A8B2-4ACD-8A6A-131EC1311F5A}.Debug|x64.ActiveCfg = Debug|x64
		{7E480EED-A8B2-4ACD-8A6A-131EC1311F5A}.Debug|x64.Build.0 = Debug|x64
		{7E480EED-A8B2-4ACD-8A6A-131EC1311F5A}.Debug|x64.Deploy.0 = Debug|x64
		{7E480EED-A8B2-4ACD-8A6A-131EC1311F5A}.Debug|ARM64.ActiveCfg = Debug|ARM64
		{7E480EED-A8B2-4ACD-8A6A-131EC1311F5A}.Debug|ARM64.Build.0 = Debug|ARM64
		{7E480EED-A8B2-4ACD-8A6A-131EC1311F5A}.Debug|ARM64.Deploy.0 = Debug|ARM64
		{7E480EED-A8B2-4ACD-8A6A-131EC1311F5A}.Release|Win32.ActiveCfg = Release|Win32
		{7E480EED-A8B2-4ACD-8A6A-131EC1311F5A}.Release|Win32.Build.0 = Release|Win32
		{7E480EED-A8B2-4ACD-8A6A-131EC1311F5A}.Release|Win32.Deploy.0 = Release|Win32
		{7E480EED-A8B2-4ACD-8A6A-131EC1311F5A}.Release|x64.ActiveCfg = Release|x64
		{7E480EED-A8B2-4ACD-8A6A-131EC1311F5A}.Release|x64.Build.0 = Release|x64
		{7E480EED-A8B2-4ACD-8A6A-131EC1311F5A}.Release|x64.Deploy.0 = Release|x64
		{7E480EED-A8B2-4ACD-8A6A-131EC1311F5A}.Release|ARM64.ActiveCfg = Release|ARM64
		{7E480EED-A8B2-4ACD-8A6A-131EC1311F5A}.Release|ARM64.Build.0 = Release|ARM64
		{7E480EED-A8B2-4ACD-8A6A-131EC1311F5A}.Release|ARM64.Deploy.0 = Release|ARM64
		{2FEB203F-DDDC-4847-9E33-F3B844F6AB8E}.Debug|Win32.ActiveCfg = Debug|Win32
		{2FEB203F-DDDC-4847-9E33-F3B844F6AB8E}.Debug|Win32.Build.0 = Debug|Win32
		{2FEB203F-DDDC-4847-9E33-F3B844F6AB8E}.Debug|Win32.Deploy.0 = Debug|Win32
		{2FEB203F-DDDC-4847-9E33-F3B844F6AB8E}.Debug|x64.ActiveCfg = Debug|x64
		{2FEB203F-DDDC-4847-9E33-F3B844F6AB8E}.Debug|x64.Build.0 = Debug|x64
		{2FEB203F-DDDC-4847-9E33-F3B844F6AB8E}.Debug|x64.Deploy.0 = Debug|x64
		{2FEB203F-DDDC-4847-9E33-F3B844F6AB8E}.Debug|ARM64.ActiveCfg = Debug|ARM64
		{2FEB203F-DDDC-4847-9E33-F3B844F6AB8E}.Debug|ARM64.Build.0 = Debug|ARM64
		{2FEB203F-DDDC-4847-9E33-F3B844F6AB8E}.Debug|ARM64.Deploy.0 = Debug|ARM64
		{2FEB203F-DDDC-4847-9E33-F3B844F6AB8E}.Release|Win32.ActiveCfg = Release|Win32
		{2FEB203F-DDDC-4847-9E33-F3B844F6AB8E}.Release|Win32.Build.0 = Release|Win32
		{2FEB203F-DDDC-4847-9E33-F3B844F6AB8E}.Release|Win32.Deploy.0 = Release|Win32
		{2FEB203F-DDDC-4847-9E33-F3B844F6AB8E}.Release|x64.ActiveCfg = Release|x64
		{2FEB203F-DDDC-4847-9E33-F3B844F6AB8E}.Release|x64.Build.0 = Release|x64
		{2FEB203F-DDDC-4847-9E33-F3B844F6AB8E}.Release|x64.Deploy.0 = Release|x64
		{2FEB203F-DDDC-4847-9E33-F3B844F6AB8E}.Release|ARM64.ActiveCfg = Release|ARM64
		{2FEB203F-DDDC-4847-9E33-F3B844F6AB8E}.Release|ARM64.Build.0 = Release|ARM64
		{2FEB203F-DDDC-4847-9E33-F3B844F6AB8E}.Release|ARM64.Deploy.0 = Release|ARM64
		{201A20CC-08A3-45C3-8A76-CCCB3D8012F4}.Debug|Win32.ActiveCfg = Debug|Win32
		{201A20CC-08A3-45C3-8A76-CCCB3D8012F4}.Debug|Win32.Build.0 = Debug|Win32
		{201A20CC-08A3-45C3-8A76-CCCB3D8012F4}.Debug|Win32.Deploy.0 = Debug|Win32
		{201A20CC-08A3-45C3-8A76-CCCB3D8012F4}.Debug|x64.ActiveCfg = Debug|x64
		{201A20CC-08A3-45C3-8A76-CCCB3D8012F4}.Debug|x64.Build.0 = Debug|x64
		{201A20CC-08A3-45C3-8A76-CCCB3D8012F4}.Debug|x64.Deploy.0 = Debug|x64
		{201A20CC-08A3-45C3-8A76-CCCB3D8012F4}.Debug|ARM64.ActiveCfg = Debug|ARM64
		{201A20CC-08A3-45C3-8A76-CCCB3D8012F4}.Debug|ARM64.Build.0 = Debug|ARM64
		{201A20CC-08A3-45C3-8A76-CCCB3D8012F4}.Debug|ARM64.Deploy.0 = Debug|ARM64
		{201A20CC-08A3-45C3-8A76-CCCB3D8012F4}.Release|Win32.ActiveCfg = Release|Win32
		{201A20CC-08A3-45C3-8A76-CCCB3D8012F4}.Release|Win32.Build.0 = Release|Win32
		{201A20CC-08A3-45C3-8A76-CCCB3D8012F4}.Release|Win32.Deploy.0 = Release|Win32
		{201A20CC-08A3-45C3-8A76-CCCB3D8012F4}.Release|x64.ActiveCfg = Release|x64
		{201A20CC-08A3-45C3-8A76-CCCB3D8012F4}.Release|x64.Build.0 = Release|x64
		{201A20CC-08A3-45C3-8A76-CCCB3D8012F4}.Release|x64.Deploy.0 = Release|x64
		{201A20CC-08A3-45C3-8A76-CCCB3D8012F4}.Release|ARM64.ActiveCfg = Release|ARM64
		{201A20CC-08A3-45C3-8A76-CCCB3D8012F4}.Release|ARM64.Build.0 = Release|ARM64
		{201A20CC-08A3-45C3-8A76-CCCB3D8012F4}.Release|ARM64.Deploy.0 = Release|ARM64
		{CF4BA252-EF67-403A-B84A-7F08B5EC05FD}.Debug|Win32.ActiveCfg = Debug|Win32
		{CF4BA252-EF67-403A-B84A-7F08B5EC05FD}.Debug|Win32.Build.0 = Debug|Win32
		{CF4BA252-EF67-403A-B84A-7F08B5EC05FD}.Debug|Win32.Deploy.0 = Debug|Win32
		{CF4BA252-EF67-403A-B84A-7F08B5EC05FD}.Debug|x64.ActiveCfg = Debug|x64
		{CF4BA252-EF67-403A-B84A-7F08B5EC05FD}.Debug|x64.Build.0 = Debug|x64
		{CF4BA252-EF67-403A-B84A-7F08B5EC05FD}.Debug|x64.Deploy.0 = Debug|x64
		{CF4BA252-EF67-403A-B84A-7F08B5EC05FD}.Debug|ARM64.ActiveCfg = Debug|ARM64
		{CF4BA252-EF67-403A-B84A-7F08B5EC05FD}.Debug|ARM64.Build.0 = Debug|ARM64
		{CF4BA252-EF67-403A-B84A-7F08B5EC05FD}.Debug|ARM64.Deploy.0 = Debug|ARM64
		{CF4BA252-EF67-403A-B84A-7F08B5EC05FD}.Release|Win32.ActiveCfg = Release|Win32
		{CF4BA252-EF67-403A-B84A-7F08B5EC05FD}.Release|Win32.Build.0 = Release|Win32
		{CF4BA252-EF67-403A-B84A-7F08B5EC05FD}.Release|Win32.Deploy.0 = Release|Win32
		{CF4BA252-EF67-403A-B84A-7F08B5EC05FD}.Release|x64.ActiveCfg = Release|x64
		{CF4BA252-EF67-403A-B84A-7F08B5EC05FD}.Release|x64.Build.0 = Release|x64
		{CF4BA252-EF67-403A-B84A-7F08B5EC05FD}.Release|x64.Deploy.0 = Release|x64
		{CF4BA252-EF67-403A-B84A-7F08B5EC05FD}.Release|ARM64.ActiveCfg = Release|ARM64
		{CF4BA252-EF67-403A-B84A-7F08B5EC05FD}.Release|ARM64.Build.0 = Release|ARM64
		{CF4BA252-EF67-403A-B84A-7F08B5EC05FD}.Release|ARM64.Deploy.0 = Release|ARM64
		{4817A7D6-9469-4F83-94F6-AA2AAAA513D3}.Debug|Win32.ActiveCfg = Debug|Win32
		{4817A7D6-9469-4F83-94F6-AA2AAAA513D3}.Debug|Win32.Build.0 = Debug|Win32
		{4817A7D6-9469-4F83-94F6-AA2AAAA513D3}.Debug|Win32.Deploy.0 = Debug|Win32
		{4817A7D6-9469-4F83-94F6-AA2AAAA513D3}.Debug|x64.ActiveCfg = Debug|x64
		{4817A7D6-9469-4F83-94F6-AA2AAAA513D3}.Debug|x64.Build.0 = Debug|x64
		{4817A7D6-9469-4F83-94F6-AA2AAAA513D3}.Debug|x64.Deploy.0 = Debug|x64
		{4817A7D6-9469-4F83-94F6-AA2AAAA513D3}.Debug|ARM64.ActiveCfg = Debug|ARM64
		{4817A7D6-9469-4F83-94F6-AA2AAAA513D3}.Debug|ARM64.Build.0 = Debug|ARM64
		{4817A7D6-9469-4F83-94F6-AA2AAAA513D3}.Debug|ARM64.Deploy.0 = Debug|ARM64
		{4817A7D6-9469-4F83-94F6-AA2AAAA513D3}.Release|Win32.ActiveCfg = Release|Win32
		{4817A7D6-9469-4F83-94F6-AA2AAAA513D3}.Release|Win32.Build.0 = Release|Win32
		{4817A7D6-9469-4F83-94F6-AA2AAAA513D3}.Release|Win32.Deploy.0 = Release|Win32
		{4817A7D6-9469-4F83-94F6-AA2AAAA513D3}.Release|x64.ActiveCfg = Release|x64
		{4817A7D6-9469-4F83-94F6-AA2AAAA513D3}.Release|x64.Build.0 = Release|x64
		{4817A7D6-9469-4F83-94F6-AA2AAAA513D3}.Release|x64.Deploy.0 = Release|x64
		{4817A7D6-9469-4F83-94F6-AA2AAAA513D3}.Release|ARM64.ActiveCfg = Release|ARM64
		{4817A7D6-9469-4F83-94F6-AA2AAAA513D3}.Release|ARM64.Build.0 = Release|ARM64
		{4817A7D6-9469-4F83-94F6-AA2AAAA513D3}.Release|ARM64.Deploy.0 = Release|ARM64
		{298576D1-BD4C-4821-BCB1-3466ED84BA52}.Debug|Win32.ActiveCfg = Debug|Win32
		{298576D1-BD4C-4821-BCB1-3466ED84BA52}.Debug|Win32.Build.0 = Debug|Win32
		{298576D1-BD4C-4821-BCB1-3466ED84BA52}.Debug|Win32.Deploy.0 = Debug|Win32
		{298576D1-BD4C-4821-BCB1-3466ED84BA52}.Debug|x64.ActiveCfg = Debug|x64
		{298576D1-BD4C-4821-BCB1-3466ED84BA52}.Debug|x64.Build.0 = Debug|x64
		{298576D1-BD4C-4821-BCB1-3466ED84BA52}.Debug|x64.Deploy.0 = Debug|x64
		{298576D1-BD4C-4821-BCB1-3466ED84BA52}.Debug|ARM64.ActiveCfg = Debug|ARM64
		{298576D1-BD4C-4821-BCB1-3466ED84BA52}.Debug|ARM64.Build.0 = Debug|ARM64
		{298576D1-BD4C-4821-BCB1-3466ED84BA52}.Debug|ARM64.Deploy.0 = Debug|ARM64
		{298576D1-BD4C-4821-BCB1-3466ED84BA52}.Release|Win32.ActiveCfg = Release|Win32
		{298576D1-BD4C-4821-BCB1-3466ED84BA52}.Release|Win32.Build.0 = Release|Win32
		{298576D1-BD4C-4821-BCB1-3466ED84BA52}.Release|Win32.Deploy.0 = Release|Win32
		{298576D1-BD4C-4821-BCB1-3466ED84BA52}.Release|x64.ActiveCfg = Release|x64
		{298576D1-BD4C-4821-BCB1-3466ED84BA52}.Release|x64.Build.0 = Release|x64
		{298576D1-BD4C-4821-BCB1-3466ED84BA52}.Release|x64.Deploy.0 = Release|x64
		{298576D1-BD4C-4821-BCB1-3466ED84BA52}.Release|ARM64.ActiveCfg = Release|ARM64
		{298576D1-BD4C-4821-BCB1-3466ED84BA52}.Release|ARM64.Build.0 = Release|ARM64
		{298576D1-BD4C-4821-BCB1-3466ED84BA52}.Release|ARM64.Deploy.0 = Release|ARM64
		{86B9BF1A-7FD1-4E9D-A070-8F4A84BFE42B}.Debug|Win32.ActiveCfg = Debug|Win32
		{86B9BF1A-7FD1-4E9D-A070-8F4A84BFE42B}.Debug|Win32.Build.0 = Debug|Win32
		{86B9BF1A-7FD1-4E9D-A070-8F4A84BFE42B}.Debug|Win32.Deploy.0 = Debug|Win32
		{86B9BF1A-7FD1-4E9D-A070-8F4A84BFE42B}.Debug|x64.ActiveCfg = Debug|x64
		{86B9BF1A-7FD1-4E9D-A070-8F4A84BFE42B}.Debug|x64.Build.0 = Debug|x64
		{86B9BF1A-7FD1-4E9D-A070-8F4A84BFE42B}.Debug|x64.Deploy.0 = Debug|x64
		{86B9BF1A-7FD1-4E9D-A070-8F4A84BFE42B}.Debug|ARM64.ActiveCfg = Debug|ARM64
		{86B9BF1A-7FD1-4E9D-A070-8F4A84BFE42B}.Debug|ARM64.Build.0 = Debug|ARM64
		{86B9BF1A-7FD1-4E9D-A070-8F4A84BFE42B}.Debug|ARM64.Deploy.0 = Debug|ARM64
		{86B9BF1A-7FD1-4E9D-A070-8F4A84BFE42B}.Release|Win32.ActiveCfg = Release|Win32
		{86B9BF1A-7FD1-4E9D-A070-8F4A84BFE42B}.Release|Win32.Build.0 = Release|Win32
		{86B9BF1A-7FD1-4E9D-A070-8F4A84BFE42B}.Release|Win32.Deploy.0 = Release|Win32
		{86B9BF1A-7FD1-4E9D-A070-8F4A84BFE42B}.Release|x64.ActiveCfg = Release|x64
		{86B9BF1A-7FD1-4E9D-A070-8F4A84BFE42B}.Release|x64.Build.0 = Release|x64
		{86B9BF1A-7FD1-4E9D-A070-8F4A84BFE42B}.Release|x64.Deploy.0 = Release|x64
		{86B9BF1A-7FD1-4E9D-A070-8F4A84BFE42B}.Release|ARM64.ActiveCfg = Release|ARM64
		{86B9BF1A-7FD1-4E9D-A070-8F4A84BFE42B}.Release|ARM64.Build.0 = Release|ARM64
		{86B9BF1A-7FD1-4E9D-A070-8F4A84BFE42B}.Release|ARM64.Deploy.0 = Release|ARM64
		{8FA12903-769D-4022-9344-4E5E2CD2C8A8}.Debug|Win32.ActiveCfg = Debug|Win32
		{8FA12903-769D-4022-9344-4E5E2CD2C8A8}.Debug|Win32.Build.0 = Debug|Win32
		{8FA12903-769D-4022-9344-4E5E2CD2C8A8}.Debug|Win32.Deploy.0 = Debug|Win32
		{8FA12903-769D-4022-9344-4E5E2CD2C8A8}.Debug|x64.ActiveCfg = Debug|x64
		{8FA12903-769D-4022-9344-4E5E2CD2C8A8}.Debug|x64.Build.0 = Debug|x64
		{8FA12903-769D-4022-9344-4E5E2CD2C8A8}.Debug|x64.Deploy.0 = Debug|x64
		{8FA12903-769D-4022-9344-4E5E2CD2C8A8}.Debug|ARM64.ActiveCfg = Debug|ARM64
		{8FA12903-769D-4022-9344-4E5E2CD2C8A8}.Debug|ARM64.Build.0 = Debug|ARM64
		{8FA12903-769D-4022-9344-4E5E2CD2C8A8}.Debug|ARM64.Deploy.0 = Debug|ARM64
		{8FA12903-769D-4022-9344-4E5E2CD2C8A8}.Release|Win32.ActiveCfg = Release|Win32
		{8FA12903-769D-4022-9344-4E5E2CD2C8A8}.Release|Win32.Build.0 = Release|Win32
		{8FA12903-769D-4022-9344-4E5E2CD2C8A8}.Release|Win32.Deploy.0 = Release|Win32
		{8FA12903-769D-4022-9344-4E5E2CD2C8A8}.Release|x64.ActiveCfg = Release|x64
		{8FA12903-769D-4022-9344-4E5E2CD2C8A8}.Release|x64.Build.0 = Release|x64
		{8FA12903-769D-4022-9344-4E5E2CD2C8A8}.Release|x64.Deploy.0 = Release|x64
		{8FA12903-769D-4022-9344-4E5E2CD2C8A8}.Release|ARM64.ActiveCfg = Release|ARM64
		{8FA12903-769D-4022-9344-4E5E2CD2C8A8}.Release|ARM64.Build.0 = Release|ARM64
		{8FA12903-769D-4022-9344-4E5E2CD2C8A8}.Release|ARM64.Deploy.0 = Release|ARM64
		{23BFEF7B-F61A-4EEA-9876-862B76C21785}.Debug|Win32.ActiveCfg = Debug|Win32
		{23BFEF7B-F61A-4EEA-9876-862B76C21785}.Debug|Win32.Build.0 = Debug|Win32
		{23BFEF7B-F61A-4EEA-9876-862B76C21785}.Debug|Win32.Deploy.0 = Debug|Win32
		{23BFEF7B-F61A-4EEA-9876-862B76C21785}.Debug|x64.ActiveCfg = Debug|x64
		{23BFEF7B-F61A-4EEA-9876-862B76C21785}.Debug|x64.Build.0 = Debug|x64
		{23BFEF7B-F61A-4EEA-9876-862B76C21785}.Debug|x64.Deploy.0 = Debug|x64
		{23BFEF7B-F61A-4EEA-9876-862B76C21785}.Debug|ARM64.ActiveCfg = Debug|ARM64
		{23BFEF7B-F61A-4EEA-9876-862B76C21785}.Debug|ARM64.Build.0 = Debug|ARM64
		{23BFEF7B-F61A-4EEA-9876-862B76C21785}.Debug|ARM64.Deploy.0 = Debug|ARM64
		{23BFEF7B-F61A-4EEA-9876-862B76C21785}.Release|Win32.ActiveCfg = Release|Win32
		{23BFEF7B-F61A-4EEA-9876-862B76C21785}.Release|Win32.Build.0 = Release|Win32
		{23BFEF7B-F61A-4EEA-9876-862B76C21785}.Release|Win32.Deploy.0 = Release|Win32
		{23BFEF7B-F61A-4EEA-9876-862B76C21785}.Release|x64.ActiveCfg = Release|x64
		{23BFEF7B-F61A-4EEA-9876-862B76C21785}.Release|x64.Build.0 = Release|x64
		{23BFEF7B-F61A-4EEA-9876-862B76C21785}.Release|x64.Deploy.0 = Release|x64
		{23BFEF7B-F61A-4EEA-9876-862B76C21785}.Release|ARM64.ActiveCfg = Release|ARM64
		{23BFEF7B-F61A-4EEA-9876-862B76C21785}.Release|ARM64.Build.0 = Release|ARM64
		{23BFEF7B-F61A-4EEA-9876-862B76C21785}.Release|ARM64.Deploy.0 = Release|ARM64
		{9C15FF48-AE89-42C5-B01A-C0929360BDF4}.Debug|Win32.ActiveCfg = Debug|Win32
		{9C15FF48-AE89-42C5-B01A-C0929360BDF4}.Debug|Win32.Build.0 = Debug|Win32
		{9C15FF48-AE89-42C5-B01A-C0929360BDF4}.Debug|Win32.Deploy.0 = Debug|Win32
		{9C15FF48-AE89-42C5-B01A-C0929360BDF4}.Debug|x64.ActiveCfg = Debug|x64
		{9C15FF48-AE89-42C5-B01A-C0929360BDF4}.Debug|x64.Build.0 = Debug|x64
		{9C15FF48-AE89-42C5-B01A-C0929360BDF4}.Debug|x64.Deploy.0 = Debug|x64
		{9C15FF48-AE89-42C5-B01A-C0929360BDF4}.Debug|ARM64.ActiveCfg = Debug|ARM64
		{9C15FF48-AE89-42C5-B01A-C0929360BDF4}.Debug|ARM64.Build.0 = Debug|ARM64
		{9C15FF48-AE89-42C5-B01A-C0929360BDF4}.Debug|ARM64.Deploy.0 = Debug|ARM64
		{9C15FF48-AE89-42C5-B01A-C0929360BDF4}.Release|Win32.ActiveCfg = Release|Win32
		{9C15FF48-AE89-42C5-B01A-C0929360BDF4}.Release|Win32.Build.0 = Release|Win32
		{9C15FF48-AE89-42C5-B01A-C0929360BDF4}.Release|Win32.Deploy.0 = Release|Win32
		{9C15FF48-AE89-42C5-B01A-C0929360BDF4}.Release|x64.ActiveCfg = Release|x64
		{9C15FF48-AE89-42C5-B01A-C0929360BDF4}.Release|x64.Build.0 = Release|x64
		{9C15FF48-AE89-42C5-B01A-C0929360BDF4}.Release|x64.Deploy.0 = Release|x64
		{9C15FF48-AE89-42C5-B01A-C0929360BDF4}.Release|ARM64.ActiveCfg = Release|ARM64
		{9C15FF48-AE89-42C5-B01A-C0929360BDF4}.Release|ARM64.Build.0 = Release|ARM64
		{9C15FF48-AE89-42C5-B01A-C0929360BDF4}.Release|ARM64.Deploy.0 = Release|ARM64
		{A4FA4615-439C-4C0E-9F97-3DF30BCC5EA1}.Debug|Win32.ActiveCfg = Debug|Win32
		{A4FA4615-439C-4C0E-9F97-3DF30BCC5EA1}.Debug|Win32.Build.0 = Debug|Win32
		{A4FA4615-439C-4C0E-9F97-3DF30BCC5EA1}.Debug|Win32.Deploy.0 = Debug|Win32
		{A4FA4615-439C-4C0E-9F97-3DF30BCC5EA1}.Debug|x64.ActiveCfg = Debug|x64
		{A4FA4615-439C-4C0E-9F97-3DF30BCC5EA1}.Debug|x64.Build.0 = Debug|x64
		{A4FA4615-439C-4C0E-9F97-3DF30BCC5EA1}.Debug|x64.Deploy.0 = Debug|x64
		{A4FA4615-439C-4C0E-9F97-3DF30BCC5EA1}.Debug|ARM64.ActiveCfg = Debug|ARM64
		{A4FA4615-439C-4C0E-9F97-3DF30BCC5EA1}.Debug|ARM64.Build.0 = Debug|ARM64
		{A4FA4615-439C-4C0E-9F97-3DF30BCC5EA1}.Debug|ARM64.Deploy.0 = Debug|ARM64
		{A4FA4615-439C-4C0E-9F97-3DF30BCC5EA1}.Release|Win32.ActiveCfg = Release|Win32
		{A4FA4615-439C-4C0E-9F97-3DF30BCC5EA1}.Release|Win32.Build.0 = Release|Win32
		{A4FA4615-439C-4C0E-9F97-3DF30BCC5EA1}.Release|Win32.Deploy.0 = Release|Win32
		{A4FA4615-439C-4C0E-9F97-3DF30BCC5EA1}.Release|x64.ActiveCfg = Release|x64
		{A4FA4615-439C-4C0E-9F97-3DF30BCC5EA1}.Release|x64.Build.0 = Release|x64
		{A4FA4615-439C-4C0E-9F97-3DF30BCC5EA1}.Release|x64.Deploy.0 = Release|x64
		{A4FA4615-439C-4C0E-9F97-3DF30BCC5EA1}.Release|ARM64.ActiveCfg = Release|ARM64
		{A4FA4615-439C-4C0E-9F97-3DF30BCC5EA1}.Release|ARM64.Build.0 = Release|ARM64
		{A4FA4615-439C-4C0E-9F97-3DF30BCC5EA1}.Release|ARM64.Deploy.0 = Release|ARM64
		{5A11B525-0D38-4E0E-9554-859364CBF701}.Debug|Win32.ActiveCfg = Debug|Win32
		{5A11B525-0D38-4E0E-9554-859364CBF701}.Debug|Win32.Build.0 = Debug|Win32
		{5A11B525-0D38-4E0E-9554-859364CBF701}.Debug|Win32.Deploy.0 = Debug|Win32
		{5A11B525-0D38-4E0E-9554-859364CBF701}.Debug|x64.ActiveCfg = Debug|x64
		{5A11B525-0D38-4E0E-9554-859364CBF701}.Debug|x64.Build.0 = Debug|x64
		{5A11B525-0D38-4E0E-9554-859364CBF701}.Debug|x64.Deploy.0 = Debug|x64
		{5A11B525-0D38-4E0E-9554-859364CBF701}.Debug|ARM64.ActiveCfg = Debug|ARM64
		{5A11B525-0D38-4E0E-9554-859364CBF701}.Debug|ARM64.Build.0 = Debug|ARM64
		{5A11B525-0D38-4E0E-9554-859364CBF701}.Debug|ARM64.Deploy.0 = Debug|ARM64
		{5A11B525-0D38-4E0E-9554-859364CBF701}.Release|Win32.ActiveCfg = Release|Win32
		{5A11B525-0D38-4E0E-9554-859364CBF701}.Release|Win32.Build.0 = Release|Win32
		{5A11B525-0D38-4E0E-9554-859364CBF701}.Release|Win32.Deploy.0 = Release|Win32
		{5A11B525-0D38-4E0E-9554-859364CBF701}.Release|x64.ActiveCfg = Release|x64
		{5A11B525-0D38-4E0E-9554-859364CBF701}.Release|x64.Build.0 = Release|x64
		{5A11B525-0D38-4E0E-9554-859364CBF701}.Release|x64.Deploy.0 = Release|x64
		{5A11B525-0D38-4E0E-9554-859364CBF701}.Release|ARM64.ActiveCfg = Release|ARM64
		{5A11B525-0D38-4E0E-9554-859364CBF701}.Release|ARM64.Build.0 = Release|ARM64
		{5A11B525-0D38-4E0E-9554-859364CBF701}.Release|ARM64.Deploy.0 = Release|ARM64
		{ABFC8BD0-8D4D-4E32-AA94-4AA15561DC1B}.Debug|Win32.ActiveCfg = Debug|Win32
		{ABFC8BD0-8D4D-4E32-AA94-4AA15561DC1B}.Debug|Win32.Build.0 = Debug|Win32
		{ABFC8BD0-8D4D-4E32-AA94-4AA15561DC1B}.Debug|Win32.Deploy.0 = Debug|Win32
		{ABFC8BD0-8D4D-4E32-AA94-4AA15561DC1B}.Debug|x64.ActiveCfg = Debug|x64
		{ABFC8BD0-8D4D-4E32-AA94-4AA15561DC1B}.Debug|x64.Build.0 = Debug|x64
		{ABFC8BD0-8D4D-4E32-AA94-4AA15561DC1B}.Debug|x64.Deploy.0 = Debug|x64
		{ABFC8BD0-8D4D-4E32-AA94-4AA15561DC1B}.Debug|ARM64.ActiveCfg = Debug|ARM64
		{ABFC8BD0-8D4D-4E32-AA94-4AA15561DC1B}.Debug|ARM64.Build.0 = Debug|ARM64
		{ABFC8BD0-8D4D-4E32-AA94-4AA15561DC1B}.Debug|ARM64.Deploy.0 = Debug|ARM64
		{ABFC8BD0-8D4D-4E32-AA94-4AA15561DC1B}.Release|Win32.ActiveCfg = Release|Win32
		{ABFC8BD0-8D4D-4E32-AA94-4AA15561DC1B}.Release|Win32.Build.0 = Release|Win32
		{ABFC8BD0-8D4D-4E32-AA94-4AA15561DC1B}.Release|Win32.Deploy.0 = Release|Win32
		{ABFC8BD0-8D4D-4E32-AA94-4AA15561DC1B}.Release|x64.ActiveCfg = Release|x64
		{ABFC8BD0-8D4D-4E32-AA94-4AA15561DC1B}.Release|x64.Build.0 = Release|x64
		{ABFC8BD0-8D4D-4E32-AA94-4AA15561DC1B}.Release|x64.Deploy.0 = Release|x64
		{ABFC8BD0-8D4D-4E32-AA94-4AA15561DC1B}.Release|ARM64.ActiveCfg = Release|ARM64
		{ABFC8BD0-8D4D-4E32-AA94-4AA15561DC1B}.Release|ARM64.Build.0 = Release|ARM64
		{ABFC8BD0-8D4D-4E32-AA94-4AA15561DC1B}.Release|ARM64.Deploy.0 = Release|ARM64
		{67FC3A62-F120-4262-A49F-F65CFE48D37F}.Debug|Win32.ActiveCfg = Debug|Win32
		{67FC3A62-F120-4262-A49F-F65CFE48D37F}.Debug|Win32.Build.0 = Debug|Win32
		{67FC3A62-F120-4262-A49F-F65CFE48D37F}.Debug|Win32.Deploy.0 = Debug|Win32
		{67FC3A62-F120-4262-A49F-F65CFE48D37F}.Debug|x64.ActiveCfg = Debug|x64
		{67FC3A62-F120-4262-A49F-F65CFE48D37F}.Debug|x64.Build.0 = Debug|x64
		{67FC3A62-F120-4262-A49F-F65CFE48D37F}.Debug|x64.Deploy.0 = Debug|x64
		{67FC3A62-F120-4262-A49F-F65CFE48D37F}.Debug|ARM64.ActiveCfg = Debug|ARM64
		{67FC3A62-F120-4262-A49F-F65CFE48D37F}.Debug|ARM64.Build.0 = Debug|ARM64
		{67FC3A62-F120-4262-A49F-F65CFE48D37F}.Debug|ARM64.Deploy.0 = Debug|ARM64
		{67FC3A62-F120-4262-A49F-F65CFE48D37F}.Release|Win32.ActiveCfg = Release|Win32
		{67FC3A62-F120-4262-A49F-F65CFE48D37F}.Release|Win32.Build.0 = Release|Win32
		{67FC3A62-F120-4262-A49F-F65CFE48D37F}.Release|Win32.Deploy.0 = Release|Win32
		{67FC3A62-F120-4262-A49F-F65CFE48D37F}.Release|x64.ActiveCfg = Release|x64
		{67FC3A62-F120-4262-A49F-F65CFE48D37F}.Release|x64.Build.0 = Release|x64
		{67FC3A62-F120-4262-A49F-F65CFE48D37F}.Release|x64.Deploy.0 = Release|x64
		{67FC3A62-F120-4262-A49F-F65CFE48D37F}.Release|ARM64.ActiveCfg = Release|ARM64
		{67FC3A62-F120-4262-A49F-F65CFE48D37F}.Release|ARM64.Build.0 = Release|ARM64
		{67FC3A62-F120-4262-A49F-F65CFE48D37F}.Release|ARM64.Deploy.0 = Release|ARM64
		{81E61FA8-6218-44D1-A5A6-655C4BCD6724}.Debug|Win32.ActiveCfg = Debug|Win32
		{81E61FA8-6218-44D1-A5A6-655C4BCD6724}.Debug|Win32.Build.0 = Debug|Win32
		{81E61FA8-6218-44D1-A5A6-655C4BCD6724}.Debug|Win32.Deploy.0 = Debug|Win32
		{81E61FA8-6218-44D1-A5A6-655C4BCD6724}.Debug|x64.ActiveCfg = Debug|x64
		{81E61FA8-6218-44D1-A5A6-655C4BCD6724}.Debug|x64.Build.0 = Debug|x64
		{81E61FA8-6218-44D1-A5A6-655C4BCD6724}.Debug|x64.Deploy.0 = Debug|x64
		{81E61FA8-6218-44D1-A5A6-655C4BCD6724}.Debug|ARM64.ActiveCfg = Debug|ARM64
		{81E61FA8-6218-44D1-A5A6-655C4BCD6724}.Debug|ARM64.Build.0 = Debug|ARM64
		{81E61FA8-6218-44D1-A5A6-655C4BCD6724}.Debug|ARM64.Deploy.0 = Debug|ARM64
		{81E61FA8-6218-44D1-A5A6-655C4BCD6724}.Release|Win32.ActiveCfg = Release|Win32
		{81E61FA8-6218-44D1-A5A6-655C4BCD6724}.Release|Win32.Build.0 = Release|Win32
		{81E61FA8-6218-44D1-A5A6-655C4BCD6724}.Release|Win32.Deploy.0 = Release|Win32
		{81E61FA8-6218-44D1-A5A6-655C4BCD6724}.Release|x64.ActiveCfg = Release|x64
		{81E61FA8-6218-44D1-A5A6-655C4BCD6724}.Release|x64.Build.0 = Release|x64
		{81E61FA8-6218-44D1-A5A6-655C4BCD6724}.Release|x64.Deploy.0 = Release|x64
		{81E61FA8-6218-44D1-A5A6-655C4BCD6724}.Release|ARM64.ActiveCfg = Release|ARM64
		{81E61FA8-6218-44D1-A5A6-655C4BCD6724}.Release|ARM64.Build.0 = Release|ARM64
		{81E61FA8-6218-44D1-A5A6-655C4BCD6724}.Release|ARM64.Deploy.0 = Release|ARM64
	EndGlobalSection
	GlobalSection(SolutionProperties) = preSolution
		HideSolutionNode = FALSE
	EndGlobalSection
EndGlobal
