
Microsoft Visual Studio Solution File, Format Version 11.00
# Visual Studio 15
Project("{8BC9CEB8-8B4A-11D0-8D11-00A0C91BC942}") = "3d", "3d.vcxproj", "{3045EC90-3FAE-43C4-AD8B-5553EE3F5D5B}"
EndProject
Project("{8BC9CEB8-8B4A-11D0-8D11-00A0C91BC942}") = "asyncio", "asyncio.vcxproj", "{D546E678-A8DB-42F9-BAEC-2F776F1EDA81}"
EndProject
Project("{8BC9CEB8-8B4A-11D0-8D11-00A0C91BC942}") = "channel_groups", "channel_groups.vcxproj", "{40539D7B-F99C-489B-A80C-A7B8664E4F49}"
EndProject
Project("{8BC9CEB8-8B4A-11D0-8D11-00A0C91BC942}") = "convolution_reverb", "convolution_reverb.vcxproj", "{92B081D7-B356-4896-A953-296CC037E0D8}"
EndProject
Project("{8BC9CEB8-8B4A-11D0-8D11-00A0C91BC942}") = "dsp_custom", "dsp_custom.vcxproj", "{B2301ED7-5BAD-4562-972D-D15854269FC1}"
EndProject
Project("{8BC9CEB8-8B4A-11D0-8D11-00A0C91BC942}") = "dsp_effect_per_speaker", "dsp_effect_per_speaker.vcxproj", "{8FE82B9C-5628-4999-8272-0750C71410D8}"
EndProject
Project("{8BC9CEB8-8B4A-11D0-8D11-00A0C91BC942}") = "dsp_inspector", "dsp_inspector.vcxproj", "{0243D46A-0412-47D9-A83F-E2AD988447C6}"
EndProject
Project("{8BC9CEB8-8B4A-11D0-8D11-00A0C91BC942}") = "effects", "effects.vcxproj", "{D211ABD4-2573-4114-8D08-19EAFCB33CBB}"
EndProject
Project("{8BC9CEB8-8B4A-11D0-8D11-00A0C91BC942}") = "gapless_playback", "gapless_playback.vcxproj", "{74DB3A07-9053-44B3-916F-F2BA59AC4286}"
EndProject
Project("{8BC9CEB8-8B4A-11D0-8D11-00A0C91BC942}") = "generate_tone", "generate_tone.vcxproj", "{E803E136-636B-4F3E-AFDB-C6FBA0947331}"
EndProject
Project("{8BC9CEB8-8B4A-11D0-8D11-00A0C91BC942}") = "granular_synth", "granular_synth.vcxproj", "{62DDD28E-DB0E-4085-A1B5-18E1F0545E57}"
EndProject
Project("{8BC9CEB8-8B4A-11D0-8D11-00A0C91BC942}") = "load_from_memory", "load_from_memory.vcxproj", "{FC031CD6-D3A8-4616-BC12-A9E7E33372F2}"
EndProject
Project("{8BC9CEB8-8B4A-11D0-8D11-00A0C91BC942}") = "multiple_speaker", "multiple_speaker.vcxproj", "{ADF1A630-E50D-4EB8-9287-3BED6AAB2D7A}"
EndProject
Project("{8BC9CEB8-8B4A-11D0-8D11-00A0C91BC942}") = "multiple_system", "multiple_system.vcxproj", "{ADFDB0F8-AD0B-49E0-9DDF-A405BB7DCD09}"
EndProject
Project("{8BC9CEB8-8B4A-11D0-8D11-00A0C91BC942}") = "net_stream", "net_stream.vcxproj", "{7C6D1A01-2ACA-4662-8433-61E53AA63A79}"
EndProject
Project("{8BC9CEB8-8B4A-11D0-8D11-00A0C91BC942}") = "play_sound", "play_sound.vcxproj", "{0C367701-CD8D-4857-BD1A-5A552086DB7A}"
EndProject
Project("{8BC9CEB8-8B4A-11D0-8D11-00A0C91BC942}") = "play_stream", "play_stream.vcxproj", "{EE8B005F-6008-40C3-8B18-132EABDCE8A0}"
EndProject
Project("{8BC9CEB8-8B4A-11D0-8D11-00A0C91BC942}") = "record", "record.vcxproj", "{A994863A-65F5-4D8B-9A49-7997B85CE2BB}"
EndProject
Project("{8BC9CEB8-8B4A-11D0-8D11-00A0C91BC942}") = "record_enumeration", "record_enumeration.vcxproj", "{20C0ED28-6D22-4839-8626-36A10A43A6AE}"
EndProject
Project("{8BC9CEB8-8B4A-11D0-8D11-00A0C91BC942}") = "user_created_sound", "user_created_sound.vcxproj", "{C6D8D138-E0D5-4485-8980-E76782FDBA2E}"
EndProject
Project("{8BC9CEB8-8B4A-11D0-8D11-00A0C91BC942}") = "fmod_codec_raw", "fmod_codec_raw.vcxproj", "{4493B18D-9CF6-4AD9-8A7F-E258803963EA}"
EndProject
Project("{8BC9CEB8-8B4A-11D0-8D11-00A0C91BC942}") = "fmod_distance_filter", "fmod_distance_filter.vcxproj", "{7E2D979D-DD28-4BE8-B572-BA5A66678F38}"
EndProject
Project("{8BC9CEB8-8B4A-11D0-8D11-00A0C91BC942}") = "fmod_gain", "fmod_gain.vcxproj", "{481984EE-9BDF-4712-A8AD-EA319E00205C}"
EndProject
Project("{8BC9CEB8-8B4A-11D0-8D11-00A0C91BC942}") = "fmod_noise", "fmod_noise.vcxproj", "{BEB86031-3C89-4BCC-97C4-C96DACC200F7}"
EndProject
Project("{8BC9CEB8-8B4A-11D0-8D11-00A0C91BC942}") = "fmod_rnbo", "fmod_rnbo.vcxproj", "{C5E8DF3B-0A7C-4C59-8D48-654501B460FB}"
EndProject
Project("{8BC9CEB8-8B4A-11D0-8D11-00A0C91BC942}") = "output_mp3", "output_mp3.vcxproj", "{0BCE078E-91FF-450B-A61C-5B2DA74F1E1F}"
EndProject
Global
	GlobalSection(SolutionConfigurationPlatforms) = preSolution
		Debug|Win32 = Debug|Win32
		Debug|x64 = Debug|x64
		Debug|ARM64 = Debug|ARM64
		Release|Win32 = Release|Win32
		Release|x64 = Release|x64
		Release|ARM64 = Release|ARM64
	EndGlobalSection
	GlobalSection(ProjectConfigurationPlatforms) = postSolution
		{3045EC90-3FAE-43C4-AD8B-5553EE3F5D5B}.Debug|Win32.ActiveCfg = Debug|Win32
		{3045EC90-3FAE-43C4-AD8B-5553EE3F5D5B}.Debug|Win32.Build.0 = Debug|Win32
		{3045EC90-3FAE-43C4-AD8B-5553EE3F5D5B}.Debug|Win32.Deploy.0 = Debug|Win32
		{3045EC90-3FAE-43C4-AD8B-5553EE3F5D5B}.Debug|x64.ActiveCfg = Debug|x64
		{3045EC90-3FAE-43C4-AD8B-5553EE3F5D5B}.Debug|x64.Build.0 = Debug|x64
		{3045EC90-3FAE-43C4-AD8B-5553EE3F5D5B}.Debug|x64.Deploy.0 = Debug|x64
		{3045EC90-3FAE-43C4-AD8B-5553EE3F5D5B}.Debug|ARM64.ActiveCfg = Debug|ARM64
		{3045EC90-3FAE-43C4-AD8B-5553EE3F5D5B}.Debug|ARM64.Build.0 = Debug|ARM64
		{3045EC90-3FAE-43C4-AD8B-5553EE3F5D5B}.Debug|ARM64.Deploy.0 = Debug|ARM64
		{3045EC90-3FAE-43C4-AD8B-5553EE3F5D5B}.Release|Win32.ActiveCfg = Release|Win32
		{3045EC90-3FAE-43C4-AD8B-5553EE3F5D5B}.Release|Win32.Build.0 = Release|Win32
		{3045EC90-3FAE-43C4-AD8B-5553EE3F5D5B}.Release|Win32.Deploy.0 = Release|Win32
		{3045EC90-3FAE-43C4-AD8B-5553EE3F5D5B}.Release|x64.ActiveCfg = Release|x64
		{3045EC90-3FAE-43C4-AD8B-5553EE3F5D5B}.Release|x64.Build.0 = Release|x64
		{3045EC90-3FAE-43C4-AD8B-5553EE3F5D5B}.Release|x64.Deploy.0 = Release|x64
		{3045EC90-3FAE-43C4-AD8B-5553EE3F5D5B}.Release|ARM64.ActiveCfg = Release|ARM64
		{3045EC90-3FAE-43C4-AD8B-5553EE3F5D5B}.Release|ARM64.Build.0 = Release|ARM64
		{3045EC90-3FAE-43C4-AD8B-5553EE3F5D5B}.Release|ARM64.Deploy.0 = Release|ARM64
		{D546E678-A8DB-42F9-BAEC-2F776F1EDA81}.Debug|Win32.ActiveCfg = Debug|Win32
		{D546E678-A8DB-42F9-BAEC-2F776F1EDA81}.Debug|Win32.Build.0 = Debug|Win32
		{D546E678-A8DB-42F9-BAEC-2F776F1EDA81}.Debug|Win32.Deploy.0 = Debug|Win32
		{D546E678-A8DB-42F9-BAEC-2F776F1EDA81}.Debug|x64.ActiveCfg = Debug|x64
		{D546E678-A8DB-42F9-BAEC-2F776F1EDA81}.Debug|x64.Build.0 = Debug|x64
		{D546E678-A8DB-42F9-BAEC-2F776F1EDA81}.Debug|x64.Deploy.0 = Debug|x64
		{D546E678-A8DB-42F9-BAEC-2F776F1EDA81}.Debug|ARM64.ActiveCfg = Debug|ARM64
		{D546E678-A8DB-42F9-BAEC-2F776F1EDA81}.Debug|ARM64.Build.0 = Debug|ARM64
		{D546E678-A8DB-42F9-BAEC-2F776F1EDA81}.Debug|ARM64.Deploy.0 = Debug|ARM64
		{D546E678-A8DB-42F9-BAEC-2F776F1EDA81}.Release|Win32.ActiveCfg = Release|Win32
		{D546E678-A8DB-42F9-BAEC-2F776F1EDA81}.Release|Win32.Build.0 = Release|Win32
		{D546E678-A8DB-42F9-BAEC-2F776F1EDA81}.Release|Win32.Deploy.0 = Release|Win32
		{D546E678-A8DB-42F9-BAEC-2F776F1EDA81}.Release|x64.ActiveCfg = Release|x64
		{D546E678-A8DB-42F9-BAEC-2F776F1EDA81}.Release|x64.Build.0 = Release|x64
		{D546E678-A8DB-42F9-BAEC-2F776F1EDA81}.Release|x64.Deploy.0 = Release|x64
		{D546E678-A8DB-42F9-BAEC-2F776F1EDA81}.Release|ARM64.ActiveCfg = Release|ARM64
		{D546E678-A8DB-42F9-BAEC-2F776F1EDA81}.Release|ARM64.Build.0 = Release|ARM64
		{D546E678-A8DB-42F9-BAEC-2F776F1EDA81}.Release|ARM64.Deploy.0 = Release|ARM64
		{40539D7B-F99C-489B-A80C-A7B8664E4F49}.Debug|Win32.ActiveCfg = Debug|Win32
		{40539D7B-F99C-489B-A80C-A7B8664E4F49}.Debug|Win32.Build.0 = Debug|Win32
		{40539D7B-F99C-489B-A80C-A7B8664E4F49}.Debug|Win32.Deploy.0 = Debug|Win32
		{40539D7B-F99C-489B-A80C-A7B8664E4F49}.Debug|x64.ActiveCfg = Debug|x64
		{40539D7B-F99C-489B-A80C-A7B8664E4F49}.Debug|x64.Build.0 = Debug|x64
		{40539D7B-F99C-489B-A80C-A7B8664E4F49}.Debug|x64.Deploy.0 = Debug|x64
		{40539D7B-F99C-489B-A80C-A7B8664E4F49}.Debug|ARM64.ActiveCfg = Debug|ARM64
		{40539D7B-F99C-489B-A80C-A7B8664E4F49}.Debug|ARM64.Build.0 = Debug|ARM64
		{40539D7B-F99C-489B-A80C-A7B8664E4F49}.Debug|ARM64.Deploy.0 = Debug|ARM64
		{40539D7B-F99C-489B-A80C-A7B8664E4F49}.Release|Win32.ActiveCfg = Release|Win32
		{40539D7B-F99C-489B-A80C-A7B8664E4F49}.Release|Win32.Build.0 = Release|Win32
		{40539D7B-F99C-489B-A80C-A7B8664E4F49}.Release|Win32.Deploy.0 = Release|Win32
		{40539D7B-F99C-489B-A80C-A7B8664E4F49}.Release|x64.ActiveCfg = Release|x64
		{40539D7B-F99C-489B-A80C-A7B8664E4F49}.Release|x64.Build.0 = Release|x64
		{40539D7B-F99C-489B-A80C-A7B8664E4F49}.Release|x64.Deploy.0 = Release|x64
		{40539D7B-F99C-489B-A80C-A7B8664E4F49}.Release|ARM64.ActiveCfg = Release|ARM64
		{40539D7B-F99C-489B-A80C-A7B8664E4F49}.Release|ARM64.Build.0 = Release|ARM64
		{40539D7B-F99C-489B-A80C-A7B8664E4F49}.Release|ARM64.Deploy.0 = Release|ARM64
		{92B081D7-B356-4896-A953-296CC037E0D8}.Debug|Win32.ActiveCfg = Debug|Win32
		{92B081D7-B356-4896-A953-296CC037E0D8}.Debug|Win32.Build.0 = Debug|Win32
		{92B081D7-B356-4896-A953-296CC037E0D8}.Debug|Win32.Deploy.0 = Debug|Win32
		{92B081D7-B356-4896-A953-296CC037E0D8}.Debug|x64.ActiveCfg = Debug|x64
		{92B081D7-B356-4896-A953-296CC037E0D8}.Debug|x64.Build.0 = Debug|x64
		{92B081D7-B356-4896-A953-296CC037E0D8}.Debug|x64.Deploy.0 = Debug|x64
		{92B081D7-B356-4896-A953-296CC037E0D8}.Debug|ARM64.ActiveCfg = Debug|ARM64
		{92B081D7-B356-4896-A953-296CC037E0D8}.Debug|ARM64.Build.0 = Debug|ARM64
		{92B081D7-B356-4896-A953-296CC037E0D8}.Debug|ARM64.Deploy.0 = Debug|ARM64
		{92B081D7-B356-4896-A953-296CC037E0D8}.Release|Win32.ActiveCfg = Release|Win32
		{92B081D7-B356-4896-A953-296CC037E0D8}.Release|Win32.Build.0 = Release|Win32
		{92B081D7-B356-4896-A953-296CC037E0D8}.Release|Win32.Deploy.0 = Release|Win32
		{92B081D7-B356-4896-A953-296CC037E0D8}.Release|x64.ActiveCfg = Release|x64
		{92B081D7-B356-4896-A953-296CC037E0D8}.Release|x64.Build.0 = Release|x64
		{92B081D7-B356-4896-A953-296CC037E0D8}.Release|x64.Deploy.0 = Release|x64
		{92B081D7-B356-4896-A953-296CC037E0D8}.Release|ARM64.ActiveCfg = Release|ARM64
		{92B081D7-B356-4896-A953-296CC037E0D8}.Release|ARM64.Build.0 = Release|ARM64
		{92B081D7-B356-4896-A953-296CC037E0D8}.Release|ARM64.Deploy.0 = Release|ARM64
		{B2301ED7-5BAD-4562-972D-D15854269FC1}.Debug|Win32.ActiveCfg = Debug|Win32
		{B2301ED7-5BAD-4562-972D-D15854269FC1}.Debug|Win32.Build.0 = Debug|Win32
		{B2301ED7-5BAD-4562-972D-D15854269FC1}.Debug|Win32.Deploy.0 = Debug|Win32
		{B2301ED7-5BAD-4562-972D-D15854269FC1}.Debug|x64.ActiveCfg = Debug|x64
		{B2301ED7-5BAD-4562-972D-D15854269FC1}.Debug|x64.Build.0 = Debug|x64
		{B2301ED7-5BAD-4562-972D-D15854269FC1}.Debug|x64.Deploy.0 = Debug|x64
		{B2301ED7-5BAD-4562-972D-D15854269FC1}.Debug|ARM64.ActiveCfg = Debug|ARM64
		{B2301ED7-5BAD-4562-972D-D15854269FC1}.Debug|ARM64.Build.0 = Debug|ARM64
		{B2301ED7-5BAD-4562-972D-D15854269FC1}.Debug|ARM64.Deploy.0 = Debug|ARM64
		{B2301ED7-5BAD-4562-972D-D15854269FC1}.Release|Win32.ActiveCfg = Release|Win32
		{B2301ED7-5BAD-4562-972D-D15854269FC1}.Release|Win32.Build.0 = Release|Win32
		{B2301ED7-5BAD-4562-972D-D15854269FC1}.Release|Win32.Deploy.0 = Release|Win32
		{B2301ED7-5BAD-4562-972D-D15854269FC1}.Release|x64.ActiveCfg = Release|x64
		{B2301ED7-5BAD-4562-972D-D15854269FC1}.Release|x64.Build.0 = Release|x64
		{B2301ED7-5BAD-4562-972D-D15854269FC1}.Release|x64.Deploy.0 = Release|x64
		{B2301ED7-5BAD-4562-972D-D15854269FC1}.Release|ARM64.ActiveCfg = Release|ARM64
		{B2301ED7-5BAD-4562-972D-D15854269FC1}.Release|ARM64.Build.0 = Release|ARM64
		{B2301ED7-5BAD-4562-972D-D15854269FC1}.Release|ARM64.Deploy.0 = Release|ARM64
		{8FE82B9C-5628-4999-8272-0750C71410D8}.Debug|Win32.ActiveCfg = Debug|Win32
		{8FE82B9C-5628-4999-8272-0750C71410D8}.Debug|Win32.Build.0 = Debug|Win32
		{8FE82B9C-5628-4999-8272-0750C71410D8}.Debug|Win32.Deploy.0 = Debug|Win32
		{8FE82B9C-5628-4999-8272-0750C71410D8}.Debug|x64.ActiveCfg = Debug|x64
		{8FE82B9C-5628-4999-8272-0750C71410D8}.Debug|x64.Build.0 = Debug|x64
		{8FE82B9C-5628-4999-8272-0750C71410D8}.Debug|x64.Deploy.0 = Debug|x64
		{8FE82B9C-5628-4999-8272-0750C71410D8}.Debug|ARM64.ActiveCfg = Debug|ARM64
		{8FE82B9C-5628-4999-8272-0750C71410D8}.Debug|ARM64.Build.0 = Debug|ARM64
		{8FE82B9C-5628-4999-8272-0750C71410D8}.Debug|ARM64.Deploy.0 = Debug|ARM64
		{8FE82B9C-5628-4999-8272-0750C71410D8}.Release|Win32.ActiveCfg = Release|Win32
		{8FE82B9C-5628-4999-8272-0750C71410D8}.Release|Win32.Build.0 = Release|Win32
		{8FE82B9C-5628-4999-8272-0750C71410D8}.Release|Win32.Deploy.0 = Release|Win32
		{8FE82B9C-5628-4999-8272-0750C71410D8}.Release|x64.ActiveCfg = Release|x64
		{8FE82B9C-5628-4999-8272-0750C71410D8}.Release|x64.Build.0 = Release|x64
		{8FE82B9C-5628-4999-8272-0750C71410D8}.Release|x64.Deploy.0 = Release|x64
		{8FE82B9C-5628-4999-8272-0750C71410D8}.Release|ARM64.ActiveCfg = Release|ARM64
		{8FE82B9C-5628-4999-8272-0750C71410D8}.Release|ARM64.Build.0 = Release|ARM64
		{8FE82B9C-5628-4999-8272-0750C71410D8}.Release|ARM64.Deploy.0 = Release|ARM64
		{0243D46A-0412-47D9-A83F-E2AD988447C6}.Debug|Win32.ActiveCfg = Debug|Win32
		{0243D46A-0412-47D9-A83F-E2AD988447C6}.Debug|Win32.Build.0 = Debug|Win32
		{0243D46A-0412-47D9-A83F-E2AD988447C6}.Debug|Win32.Deploy.0 = Debug|Win32
		{0243D46A-0412-47D9-A83F-E2AD988447C6}.Debug|x64.ActiveCfg = Debug|x64
		{0243D46A-0412-47D9-A83F-E2AD988447C6}.Debug|x64.Build.0 = Debug|x64
		{0243D46A-0412-47D9-A83F-E2AD988447C6}.Debug|x64.Deploy.0 = Debug|x64
		{0243D46A-0412-47D9-A83F-E2AD988447C6}.Debug|ARM64.ActiveCfg = Debug|ARM64
		{0243D46A-0412-47D9-A83F-E2AD988447C6}.Debug|ARM64.Build.0 = Debug|ARM64
		{0243D46A-0412-47D9-A83F-E2AD988447C6}.Debug|ARM64.Deploy.0 = Debug|ARM64
		{0243D46A-0412-47D9-A83F-E2AD988447C6}.Release|Win32.ActiveCfg = Release|Win32
		{0243D46A-0412-47D9-A83F-E2AD988447C6}.Release|Win32.Build.0 = Release|Win32
		{0243D46A-0412-47D9-A83F-E2AD988447C6}.Release|Win32.Deploy.0 = Release|Win32
		{0243D46A-0412-47D9-A83F-E2AD988447C6}.Release|x64.ActiveCfg = Release|x64
		{0243D46A-0412-47D9-A83F-E2AD988447C6}.Release|x64.Build.0 = Release|x64
		{0243D46A-0412-47D9-A83F-E2AD988447C6}.Release|x64.Deploy.0 = Release|x64
		{0243D46A-0412-47D9-A83F-E2AD988447C6}.Release|ARM64.ActiveCfg = Release|ARM64
		{0243D46A-0412-47D9-A83F-E2AD988447C6}.Release|ARM64.Build.0 = Release|ARM64
		{0243D46A-0412-47D9-A83F-E2AD988447C6}.Release|ARM64.Deploy.0 = Release|ARM64
		{D211ABD4-2573-4114-8D08-19EAFCB33CBB}.Debug|Win32.ActiveCfg = Debug|Win32
		{D211ABD4-2573-4114-8D08-19EAFCB33CBB}.Debug|Win32.Build.0 = Debug|Win32
		{D211ABD4-2573-4114-8D08-19EAFCB33CBB}.Debug|Win32.Deploy.0 = Debug|Win32
		{D211ABD4-2573-4114-8D08-19EAFCB33CBB}.Debug|x64.ActiveCfg = Debug|x64
		{D211ABD4-2573-4114-8D08-19EAFCB33CBB}.Debug|x64.Build.0 = Debug|x64
		{D211ABD4-2573-4114-8D08-19EAFCB33CBB}.Debug|x64.Deploy.0 = Debug|x64
		{D211ABD4-2573-4114-8D08-19EAFCB33CBB}.Debug|ARM64.ActiveCfg = Debug|ARM64
		{D211ABD4-2573-4114-8D08-19EAFCB33CBB}.Debug|ARM64.Build.0 = Debug|ARM64
		{D211ABD4-2573-4114-8D08-19EAFCB33CBB}.Debug|ARM64.Deploy.0 = Debug|ARM64
		{D211ABD4-2573-4114-8D08-19EAFCB33CBB}.Release|Win32.ActiveCfg = Release|Win32
		{D211ABD4-2573-4114-8D08-19EAFCB33CBB}.Release|Win32.Build.0 = Release|Win32
		{D211ABD4-2573-4114-8D08-19EAFCB33CBB}.Release|Win32.Deploy.0 = Release|Win32
		{D211ABD4-2573-4114-8D08-19EAFCB33CBB}.Release|x64.ActiveCfg = Release|x64
		{D211ABD4-2573-4114-8D08-19EAFCB33CBB}.Release|x64.Build.0 = Release|x64
		{D211ABD4-2573-4114-8D08-19EAFCB33CBB}.Release|x64.Deploy.0 = Release|x64
		{D211ABD4-2573-4114-8D08-19EAFCB33CBB}.Release|ARM64.ActiveCfg = Release|ARM64
		{D211ABD4-2573-4114-8D08-19EAFCB33CBB}.Release|ARM64.Build.0 = Release|ARM64
		{D211ABD4-2573-4114-8D08-19EAFCB33CBB}.Release|ARM64.Deploy.0 = Release|ARM64
		{74DB3A07-9053-44B3-916F-F2BA59AC4286}.Debug|Win32.ActiveCfg = Debug|Win32
		{74DB3A07-9053-44B3-916F-F2BA59AC4286}.Debug|Win32.Build.0 = Debug|Win32
		{74DB3A07-9053-44B3-916F-F2BA59AC4286}.Debug|Win32.Deploy.0 = Debug|Win32
		{74DB3A07-9053-44B3-916F-F2BA59AC4286}.Debug|x64.ActiveCfg = Debug|x64
		{74DB3A07-9053-44B3-916F-F2BA59AC4286}.Debug|x64.Build.0 = Debug|x64
		{74DB3A07-9053-44B3-916F-F2BA59AC4286}.Debug|x64.Deploy.0 = Debug|x64
		{74DB3A07-9053-44B3-916F-F2BA59AC4286}.Debug|ARM64.ActiveCfg = Debug|ARM64
		{74DB3A07-9053-44B3-916F-F2BA59AC4286}.Debug|ARM64.Build.0 = Debug|ARM64
		{74DB3A07-9053-44B3-916F-F2BA59AC4286}.Debug|ARM64.Deploy.0 = Debug|ARM64
		{74DB3A07-9053-44B3-916F-F2BA59AC4286}.Release|Win32.ActiveCfg = Release|Win32
		{74DB3A07-9053-44B3-916F-F2BA59AC4286}.Release|Win32.Build.0 = Release|Win32
		{74DB3A07-9053-44B3-916F-F2BA59AC4286}.Release|Win32.Deploy.0 = Release|Win32
		{74DB3A07-9053-44B3-916F-F2BA59AC4286}.Release|x64.ActiveCfg = Release|x64
		{74DB3A07-9053-44B3-916F-F2BA59AC4286}.Release|x64.Build.0 = Release|x64
		{74DB3A07-9053-44B3-916F-F2BA59AC4286}.Release|x64.Deploy.0 = Release|x64
		{74DB3A07-9053-44B3-916F-F2BA59AC4286}.Release|ARM64.ActiveCfg = Release|ARM64
		{74DB3A07-9053-44B3-916F-F2BA59AC4286}.Release|ARM64.Build.0 = Release|ARM64
		{74DB3A07-9053-44B3-916F-F2BA59AC4286}.Release|ARM64.Deploy.0 = Release|ARM64
		{E803E136-636B-4F3E-AFDB-C6FBA0947331}.Debug|Win32.ActiveCfg = Debug|Win32
		{E803E136-636B-4F3E-AFDB-C6FBA0947331}.Debug|Win32.Build.0 = Debug|Win32
		{E803E136-636B-4F3E-AFDB-C6FBA0947331}.Debug|Win32.Deploy.0 = Debug|Win32
		{E803E136-636B-4F3E-AFDB-C6FBA0947331}.Debug|x64.ActiveCfg = Debug|x64
		{E803E136-636B-4F3E-AFDB-C6FBA0947331}.Debug|x64.Build.0 = Debug|x64
		{E803E136-636B-4F3E-AFDB-C6FBA0947331}.Debug|x64.Deploy.0 = Debug|x64
		{E803E136-636B-4F3E-AFDB-C6FBA0947331}.Debug|ARM64.ActiveCfg = Debug|ARM64
		{E803E136-636B-4F3E-AFDB-C6FBA0947331}.Debug|ARM64.Build.0 = Debug|ARM64
		{E803E136-636B-4F3E-AFDB-C6FBA0947331}.Debug|ARM64.Deploy.0 = Debug|ARM64
		{E803E136-636B-4F3E-AFDB-C6FBA0947331}.Release|Win32.ActiveCfg = Release|Win32
		{E803E136-636B-4F3E-AFDB-C6FBA0947331}.Release|Win32.Build.0 = Release|Win32
		{E803E136-636B-4F3E-AFDB-C6FBA0947331}.Release|Win32.Deploy.0 = Release|Win32
		{E803E136-636B-4F3E-AFDB-C6FBA0947331}.Release|x64.ActiveCfg = Release|x64
		{E803E136-636B-4F3E-AFDB-C6FBA0947331}.Release|x64.Build.0 = Release|x64
		{E803E136-636B-4F3E-AFDB-C6FBA0947331}.Release|x64.Deploy.0 = Release|x64
		{E803E136-636B-4F3E-AFDB-C6FBA0947331}.Release|ARM64.ActiveCfg = Release|ARM64
		{E803E136-636B-4F3E-AFDB-C6FBA0947331}.Release|ARM64.Build.0 = Release|ARM64
		{E803E136-636B-4F3E-AFDB-C6FBA0947331}.Release|ARM64.Deploy.0 = Release|ARM64
		{62DDD28E-DB0E-4085-A1B5-18E1F0545E57}.Debug|Win32.ActiveCfg = Debug|Win32
		{62DDD28E-DB0E-4085-A1B5-18E1F0545E57}.Debug|Win32.Build.0 = Debug|Win32
		{62DDD28E-DB0E-4085-A1B5-18E1F0545E57}.Debug|Win32.Deploy.0 = Debug|Win32
		{62DDD28E-DB0E-4085-A1B5-18E1F0545E57}.Debug|x64.ActiveCfg = Debug|x64
		{62DDD28E-DB0E-4085-A1B5-18E1F0545E57}.Debug|x64.Build.0 = Debug|x64
		{62DDD28E-DB0E-4085-A1B5-18E1F0545E57}.Debug|x64.Deploy.0 = Debug|x64
		{62DDD28E-DB0E-4085-A1B5-18E1F0545E57}.Debug|ARM64.ActiveCfg = Debug|ARM64
		{62DDD28E-DB0E-4085-A1B5-18E1F0545E57}.Debug|ARM64.Build.0 = Debug|ARM64
		{62DDD28E-DB0E-4085-A1B5-18E1F0545E57}.Debug|ARM64.Deploy.0 = Debug|ARM64
		{62DDD28E-DB0E-4085-A1B5-18E1F0545E57}.Release|Win32.ActiveCfg = Release|Win32
		{62DDD28E-DB0E-4085-A1B5-18E1F0545E57}.Release|Win32.Build.0 = Release|Win32
		{62DDD28E-DB0E-4085-A1B5-18E1F0545E57}.Release|Win32.Deploy.0 = Release|Win32
		{62DDD28E-DB0E-4085-A1B5-18E1F0545E57}.Release|x64.ActiveCfg = Release|x64
		{62DDD28E-DB0E-4085-A1B5-18E1F0545E57}.Release|x64.Build.0 = Release|x64
		{62DDD28E-DB0E-4085-A1B5-18E1F0545E57}.Release|x64.Deploy.0 = Release|x64
		{62DDD28E-DB0E-4085-A1B5-18E1F0545E57}.Release|ARM64.ActiveCfg = Release|ARM64
		{62DDD28E-DB0E-4085-A1B5-18E1F0545E57}.Release|ARM64.Build.0 = Release|ARM64
		{62DDD28E-DB0E-4085-A1B5-18E1F0545E57}.Release|ARM64.Deploy.0 = Release|ARM64
		{FC031CD6-D3A8-4616-BC12-A9E7E33372F2}.Debug|Win32.ActiveCfg = Debug|Win32
		{FC031CD6-D3A8-4616-BC12-A9E7E33372F2}.Debug|Win32.Build.0 = Debug|Win32
		{FC031CD6-D3A8-4616-BC12-A9E7E33372F2}.Debug|Win32.Deploy.0 = Debug|Win32
		{FC031CD6-D3A8-4616-BC12-A9E7E33372F2}.Debug|x64.ActiveCfg = Debug|x64
		{FC031CD6-D3A8-4616-BC12-A9E7E33372F2}.Debug|x64.Build.0 = Debug|x64
		{FC031CD6-D3A8-4616-BC12-A9E7E33372F2}.Debug|x64.Deploy.0 = Debug|x64
		{FC031CD6-D3A8-4616-BC12-A9E7E33372F2}.Debug|ARM64.ActiveCfg = Debug|ARM64
		{FC031CD6-D3A8-4616-BC12-A9E7E33372F2}.Debug|ARM64.Build.0 = Debug|ARM64
		{FC031CD6-D3A8-4616-BC12-A9E7E33372F2}.Debug|ARM64.Deploy.0 = Debug|ARM64
		{FC031CD6-D3A8-4616-BC12-A9E7E33372F2}.Release|Win32.ActiveCfg = Release|Win32
		{FC031CD6-D3A8-4616-BC12-A9E7E33372F2}.Release|Win32.Build.0 = Release|Win32
		{FC031CD6-D3A8-4616-BC12-A9E7E33372F2}.Release|Win32.Deploy.0 = Release|Win32
		{FC031CD6-D3A8-4616-BC12-A9E7E33372F2}.Release|x64.ActiveCfg = Release|x64
		{FC031CD6-D3A8-4616-BC12-A9E7E33372F2}.Release|x64.Build.0 = Release|x64
		{FC031CD6-D3A8-4616-BC12-A9E7E33372F2}.Release|x64.Deploy.0 = Release|x64
		{FC031CD6-D3A8-4616-BC12-A9E7E33372F2}.Release|ARM64.ActiveCfg = Release|ARM64
		{FC031CD6-D3A8-4616-BC12-A9E7E33372F2}.Release|ARM64.Build.0 = Release|ARM64
		{FC031CD6-D3A8-4616-BC12-A9E7E33372F2}.Release|ARM64.Deploy.0 = Release|ARM64
		{ADF1A630-E50D-4EB8-9287-3BED6AAB2D7A}.Debug|Win32.ActiveCfg = Debug|Win32
		{ADF1A630-E50D-4EB8-9287-3BED6AAB2D7A}.Debug|Win32.Build.0 = Debug|Win32
		{ADF1A630-E50D-4EB8-9287-3BED6AAB2D7A}.Debug|Win32.Deploy.0 = Debug|Win32
		{ADF1A630-E50D-4EB8-9287-3BED6AAB2D7A}.Debug|x64.ActiveCfg = Debug|x64
		{ADF1A630-E50D-4EB8-9287-3BED6AAB2D7A}.Debug|x64.Build.0 = Debug|x64
		{ADF1A630-E50D-4EB8-9287-3BED6AAB2D7A}.Debug|x64.Deploy.0 = Debug|x64
		{ADF1A630-E50D-4EB8-9287-3BED6AAB2D7A}.Debug|ARM64.ActiveCfg = Debug|ARM64
		{ADF1A630-E50D-4EB8-9287-3BED6AAB2D7A}.Debug|ARM64.Build.0 = Debug|ARM64
		{ADF1A630-E50D-4EB8-9287-3BED6AAB2D7A}.Debug|ARM64.Deploy.0 = Debug|ARM64
		{ADF1A630-E50D-4EB8-9287-3BED6AAB2D7A}.Release|Win32.ActiveCfg = Release|Win32
		{ADF1A630-E50D-4EB8-9287-3BED6AAB2D7A}.Release|Win32.Build.0 = Release|Win32
		{ADF1A630-E50D-4EB8-9287-3BED6AAB2D7A}.Release|Win32.Deploy.0 = Release|Win32
		{ADF1A630-E50D-4EB8-9287-3BED6AAB2D7A}.Release|x64.ActiveCfg = Release|x64
		{ADF1A630-E50D-4EB8-9287-3BED6AAB2D7A}.Release|x64.Build.0 = Release|x64
		{ADF1A630-E50D-4EB8-9287-3BED6AAB2D7A}.Release|x64.Deploy.0 = Release|x64
		{ADF1A630-E50D-4EB8-9287-3BED6AAB2D7A}.Release|ARM64.ActiveCfg = Release|ARM64
		{ADF1A630-E50D-4EB8-9287-3BED6AAB2D7A}.Release|ARM64.Build.0 = Release|ARM64
		{ADF1A630-E50D-4EB8-9287-3BED6AAB2D7A}.Release|ARM64.Deploy.0 = Release|ARM64
		{ADFDB0F8-AD0B-49E0-9DDF-A405BB7DCD09}.Debug|Win32.ActiveCfg = Debug|Win32
		{ADFDB0F8-AD0B-49E0-9DDF-A405BB7DCD09}.Debug|Win32.Build.0 = Debug|Win32
		{ADFDB0F8-AD0B-49E0-9DDF-A405BB7DCD09}.Debug|Win32.Deploy.0 = Debug|Win32
		{ADFDB0F8-AD0B-49E0-9DDF-A405BB7DCD09}.Debug|x64.ActiveCfg = Debug|x64
		{ADFDB0F8-AD0B-49E0-9DDF-A405BB7DCD09}.Debug|x64.Build.0 = Debug|x64
		{ADFDB0F8-AD0B-49E0-9DDF-A405BB7DCD09}.Debug|x64.Deploy.0 = Debug|x64
		{ADFDB0F8-AD0B-49E0-9DDF-A405BB7DCD09}.Debug|ARM64.ActiveCfg = Debug|ARM64
		{ADFDB0F8-AD0B-49E0-9DDF-A405BB7DCD09}.Debug|ARM64.Build.0 = Debug|ARM64
		{ADFDB0F8-AD0B-49E0-9DDF-A405BB7DCD09}.Debug|ARM64.Deploy.0 = Debug|ARM64
		{ADFDB0F8-AD0B-49E0-9DDF-A405BB7DCD09}.Release|Win32.ActiveCfg = Release|Win32
		{ADFDB0F8-AD0B-49E0-9DDF-A405BB7DCD09}.Release|Win32.Build.0 = Release|Win32
		{ADFDB0F8-AD0B-49E0-9DDF-A405BB7DCD09}.Release|Win32.Deploy.0 = Release|Win32
		{ADFDB0F8-AD0B-49E0-9DDF-A405BB7DCD09}.Release|x64.ActiveCfg = Release|x64
		{ADFDB0F8-AD0B-49E0-9DDF-A405BB7DCD09}.Release|x64.Build.0 = Release|x64
		{ADFDB0F8-AD0B-49E0-9DDF-A405BB7DCD09}.Release|x64.Deploy.0 = Release|x64
		{ADFDB0F8-AD0B-49E0-9DDF-A405BB7DCD09}.Release|ARM64.ActiveCfg = Release|ARM64
		{ADFDB0F8-AD0B-49E0-9DDF-A405BB7DCD09}.Release|ARM64.Build.0 = Release|ARM64
		{ADFDB0F8-AD0B-49E0-9DDF-A405BB7DCD09}.Release|ARM64.Deploy.0 = Release|ARM64
		{7C6D1A01-2ACA-4662-8433-61E53AA63A79}.Debug|Win32.ActiveCfg = Debug|Win32
		{7C6D1A01-2ACA-4662-8433-61E53AA63A79}.Debug|Win32.Build.0 = Debug|Win32
		{7C6D1A01-2ACA-4662-8433-61E53AA63A79}.Debug|Win32.Deploy.0 = Debug|Win32
		{7C6D1A01-2ACA-4662-8433-61E53AA63A79}.Debug|x64.ActiveCfg = Debug|x64
		{7C6D1A01-2ACA-4662-8433-61E53AA63A79}.Debug|x64.Build.0 = Debug|x64
		{7C6D1A01-2ACA-4662-8433-61E53AA63A79}.Debug|x64.Deploy.0 = Debug|x64
		{7C6D1A01-2ACA-4662-8433-61E53AA63A79}.Debug|ARM64.ActiveCfg = Debug|ARM64
		{7C6D1A01-2ACA-4662-8433-61E53AA63A79}.Debug|ARM64.Build.0 = Debug|ARM64
		{7C6D1A01-2ACA-4662-8433-61E53AA63A79}.Debug|ARM64.Deploy.0 = Debug|ARM64
		{7C6D1A01-2ACA-4662-8433-61E53AA63A79}.Release|Win32.ActiveCfg = Release|Win32
		{7C6D1A01-2ACA-4662-8433-61E53AA63A79}.Release|Win32.Build.0 = Release|Win32
		{7C6D1A01-2ACA-4662-8433-61E53AA63A79}.Release|Win32.Deploy.0 = Release|Win32
		{7C6D1A01-2ACA-4662-8433-61E53AA63A79}.Release|x64.ActiveCfg = Release|x64
		{7C6D1A01-2ACA-4662-8433-61E53AA63A79}.Release|x64.Build.0 = Release|x64
		{7C6D1A01-2ACA-4662-8433-61E53AA63A79}.Release|x64.Deploy.0 = Release|x64
		{7C6D1A01-2ACA-4662-8433-61E53AA63A79}.Release|ARM64.ActiveCfg = Release|ARM64
		{7C6D1A01-2ACA-4662-8433-61E53AA63A79}.Release|ARM64.Build.0 = Release|ARM64
		{7C6D1A01-2ACA-4662-8433-61E53AA63A79}.Release|ARM64.Deploy.0 = Release|ARM64
		{0C367701-CD8D-4857-BD1A-5A552086DB7A}.Debug|Win32.ActiveCfg = Debug|Win32
		{0C367701-CD8D-4857-BD1A-5A552086DB7A}.Debug|Win32.Build.0 = Debug|Win32
		{0C367701-CD8D-4857-BD1A-5A552086DB7A}.Debug|Win32.Deploy.0 = Debug|Win32
		{0C367701-CD8D-4857-BD1A-5A552086DB7A}.Debug|x64.ActiveCfg = Debug|x64
		{0C367701-CD8D-4857-BD1A-5A552086DB7A}.Debug|x64.Build.0 = Debug|x64
		{0C367701-CD8D-4857-BD1A-5A552086DB7A}.Debug|x64.Deploy.0 = Debug|x64
		{0C367701-CD8D-4857-BD1A-5A552086DB7A}.Debug|ARM64.ActiveCfg = Debug|ARM64
		{0C367701-CD8D-4857-BD1A-5A552086DB7A}.Debug|ARM64.Build.0 = Debug|ARM64
		{0C367701-CD8D-4857-BD1A-5A552086DB7A}.Debug|ARM64.Deploy.0 = Debug|ARM64
		{0C367701-CD8D-4857-BD1A-5A552086DB7A}.Release|Win32.ActiveCfg = Release|Win32
		{0C367701-CD8D-4857-BD1A-5A552086DB7A}.Release|Win32.Build.0 = Release|Win32
		{0C367701-CD8D-4857-BD1A-5A552086DB7A}.Release|Win32.Deploy.0 = Release|Win32
		{0C367701-CD8D-4857-BD1A-5A552086DB7A}.Release|x64.ActiveCfg = Release|x64
		{0C367701-CD8D-4857-BD1A-5A552086DB7A}.Release|x64.Build.0 = Release|x64
		{0C367701-CD8D-4857-BD1A-5A552086DB7A}.Release|x64.Deploy.0 = Release|x64
		{0C367701-CD8D-4857-BD1A-5A552086DB7A}.Release|ARM64.ActiveCfg = Release|ARM64
		{0C367701-CD8D-4857-BD1A-5A552086DB7A}.Release|ARM64.Build.0 = Release|ARM64
		{0C367701-CD8D-4857-BD1A-5A552086DB7A}.Release|ARM64.Deploy.0 = Release|ARM64
		{EE8B005F-6008-40C3-8B18-132EABDCE8A0}.Debug|Win32.ActiveCfg = Debug|Win32
		{EE8B005F-6008-40C3-8B18-132EABDCE8A0}.Debug|Win32.Build.0 = Debug|Win32
		{EE8B005F-6008-40C3-8B18-132EABDCE8A0}.Debug|Win32.Deploy.0 = Debug|Win32
		{EE8B005F-6008-40C3-8B18-132EABDCE8A0}.Debug|x64.ActiveCfg = Debug|x64
		{EE8B005F-6008-40C3-8B18-132EABDCE8A0}.Debug|x64.Build.0 = Debug|x64
		{EE8B005F-6008-40C3-8B18-132EABDCE8A0}.Debug|x64.Deploy.0 = Debug|x64
		{EE8B005F-6008-40C3-8B18-132EABDCE8A0}.Debug|ARM64.ActiveCfg = Debug|ARM64
		{EE8B005F-6008-40C3-8B18-132EABDCE8A0}.Debug|ARM64.Build.0 = Debug|ARM64
		{EE8B005F-6008-40C3-8B18-132EABDCE8A0}.Debug|ARM64.Deploy.0 = Debug|ARM64
		{EE8B005F-6008-40C3-8B18-132EABDCE8A0}.Release|Win32.ActiveCfg = Release|Win32
		{EE8B005F-6008-40C3-8B18-132EABDCE8A0}.Release|Win32.Build.0 = Release|Win32
		{EE8B005F-6008-40C3-8B18-132EABDCE8A0}.Release|Win32.Deploy.0 = Release|Win32
		{EE8B005F-6008-40C3-8B18-132EABDCE8A0}.Release|x64.ActiveCfg = Release|x64
		{EE8B005F-6008-40C3-8B18-132EABDCE8A0}.Release|x64.Build.0 = Release|x64
		{EE8B005F-6008-40C3-8B18-132EABDCE8A0}.Release|x64.Deploy.0 = Release|x64
		{EE8B005F-6008-40C3-8B18-132EABDCE8A0}.Release|ARM64.ActiveCfg = Release|ARM64
		{EE8B005F-6008-40C3-8B18-132EABDCE8A0}.Release|ARM64.Build.0 = Release|ARM64
		{EE8B005F-6008-40C3-8B18-132EABDCE8A0}.Release|ARM64.Deploy.0 = Release|ARM64
		{A994863A-65F5-4D8B-9A49-7997B85CE2BB}.Debug|Win32.ActiveCfg = Debug|Win32
		{A994863A-65F5-4D8B-9A49-7997B85CE2BB}.Debug|Win32.Build.0 = Debug|Win32
		{A994863A-65F5-4D8B-9A49-7997B85CE2BB}.Debug|Win32.Deploy.0 = Debug|Win32
		{A994863A-65F5-4D8B-9A49-7997B85CE2BB}.Debug|x64.ActiveCfg = Debug|x64
		{A994863A-65F5-4D8B-9A49-7997B85CE2BB}.Debug|x64.Build.0 = Debug|x64
		{A994863A-65F5-4D8B-9A49-7997B85CE2BB}.Debug|x64.Deploy.0 = Debug|x64
		{A994863A-65F5-4D8B-9A49-7997B85CE2BB}.Debug|ARM64.ActiveCfg = Debug|ARM64
		{A994863A-65F5-4D8B-9A49-7997B85CE2BB}.Debug|ARM64.Build.0 = Debug|ARM64
		{A994863A-65F5-4D8B-9A49-7997B85CE2BB}.Debug|ARM64.Deploy.0 = Debug|ARM64
		{A994863A-65F5-4D8B-9A49-7997B85CE2BB}.Release|Win32.ActiveCfg = Release|Win32
		{A994863A-65F5-4D8B-9A49-7997B85CE2BB}.Release|Win32.Build.0 = Release|Win32
		{A994863A-65F5-4D8B-9A49-7997B85CE2BB}.Release|Win32.Deploy.0 = Release|Win32
		{A994863A-65F5-4D8B-9A49-7997B85CE2BB}.Release|x64.ActiveCfg = Release|x64
		{A994863A-65F5-4D8B-9A49-7997B85CE2BB}.Release|x64.Build.0 = Release|x64
		{A994863A-65F5-4D8B-9A49-7997B85CE2BB}.Release|x64.Deploy.0 = Release|x64
		{A994863A-65F5-4D8B-9A49-7997B85CE2BB}.Release|ARM64.ActiveCfg = Release|ARM64
		{A994863A-65F5-4D8B-9A49-7997B85CE2BB}.Release|ARM64.Build.0 = Release|ARM64
		{A994863A-65F5-4D8B-9A49-7997B85CE2BB}.Release|ARM64.Deploy.0 = Release|ARM64
		{20C0ED28-6D22-4839-8626-36A10A43A6AE}.Debug|Win32.ActiveCfg = Debug|Win32
		{20C0ED28-6D22-4839-8626-36A10A43A6AE}.Debug|Win32.Build.0 = Debug|Win32
		{20C0ED28-6D22-4839-8626-36A10A43A6AE}.Debug|Win32.Deploy.0 = Debug|Win32
		{20C0ED28-6D22-4839-8626-36A10A43A6AE}.Debug|x64.ActiveCfg = Debug|x64
		{20C0ED28-6D22-4839-8626-36A10A43A6AE}.Debug|x64.Build.0 = Debug|x64
		{20C0ED28-6D22-4839-8626-36A10A43A6AE}.Debug|x64.Deploy.0 = Debug|x64
		{20C0ED28-6D22-4839-8626-36A10A43A6AE}.Debug|ARM64.ActiveCfg = Debug|ARM64
		{20C0ED28-6D22-4839-8626-36A10A43A6AE}.Debug|ARM64.Build.0 = Debug|ARM64
		{20C0ED28-6D22-4839-8626-36A10A43A6AE}.Debug|ARM64.Deploy.0 = Debug|ARM64
		{20C0ED28-6D22-4839-8626-36A10A43A6AE}.Release|Win32.ActiveCfg = Release|Win32
		{20C0ED28-6D22-4839-8626-36A10A43A6AE}.Release|Win32.Build.0 = Release|Win32
		{20C0ED28-6D22-4839-8626-36A10A43A6AE}.Release|Win32.Deploy.0 = Release|Win32
		{20C0ED28-6D22-4839-8626-36A10A43A6AE}.Release|x64.ActiveCfg = Release|x64
		{20C0ED28-6D22-4839-8626-36A10A43A6AE}.Release|x64.Build.0 = Release|x64
		{20C0ED28-6D22-4839-8626-36A10A43A6AE}.Release|x64.Deploy.0 = Release|x64
		{20C0ED28-6D22-4839-8626-36A10A43A6AE}.Release|ARM64.ActiveCfg = Release|ARM64
		{20C0ED28-6D22-4839-8626-36A10A43A6AE}.Release|ARM64.Build.0 = Release|ARM64
		{20C0ED28-6D22-4839-8626-36A10A43A6AE}.Release|ARM64.Deploy.0 = Release|ARM64
		{C6D8D138-E0D5-4485-8980-E76782FDBA2E}.Debug|Win32.ActiveCfg = Debug|Win32
		{C6D8D138-E0D5-4485-8980-E76782FDBA2E}.Debug|Win32.Build.0 = Debug|Win32
		{C6D8D138-E0D5-4485-8980-E76782FDBA2E}.Debug|Win32.Deploy.0 = Debug|Win32
		{C6D8D138-E0D5-4485-8980-E76782FDBA2E}.Debug|x64.ActiveCfg = Debug|x64
		{C6D8D138-E0D5-4485-8980-E76782FDBA2E}.Debug|x64.Build.0 = Debug|x64
		{C6D8D138-E0D5-4485-8980-E76782FDBA2E}.Debug|x64.Deploy.0 = Debug|x64
		{C6D8D138-E0D5-4485-8980-E76782FDBA2E}.Debug|ARM64.ActiveCfg = Debug|ARM64
		{C6D8D138-E0D5-4485-8980-E76782FDBA2E}.Debug|ARM64.Build.0 = Debug|ARM64
		{C6D8D138-E0D5-4485-8980-E76782FDBA2E}.Debug|ARM64.Deploy.0 = Debug|ARM64
		{C6D8D138-E0D5-4485-8980-E76782FDBA2E}.Release|Win32.ActiveCfg = Release|Win32
		{C6D8D138-E0D5-4485-8980-E76782FDBA2E}.Release|Win32.Build.0 = Release|Win32
		{C6D8D138-E0D5-4485-8980-E76782FDBA2E}.Release|Win32.Deploy.0 = Release|Win32
		{C6D8D138-E0D5-4485-8980-E76782FDBA2E}.Release|x64.ActiveCfg = Release|x64
		{C6D8D138-E0D5-4485-8980-E76782FDBA2E}.Release|x64.Build.0 = Release|x64
		{C6D8D138-E0D5-4485-8980-E76782FDBA2E}.Release|x64.Deploy.0 = Release|x64
		{C6D8D138-E0D5-4485-8980-E76782FDBA2E}.Release|ARM64.ActiveCfg = Release|ARM64
		{C6D8D138-E0D5-4485-8980-E76782FDBA2E}.Release|ARM64.Build.0 = Release|ARM64
		{C6D8D138-E0D5-4485-8980-E76782FDBA2E}.Release|ARM64.Deploy.0 = Release|ARM64
		{4493B18D-9CF6-4AD9-8A7F-E258803963EA}.Debug|Win32.ActiveCfg = Debug|Win32
		{4493B18D-9CF6-4AD9-8A7F-E258803963EA}.Debug|Win32.Build.0 = Debug|Win32
		{4493B18D-9CF6-4AD9-8A7F-E258803963EA}.Debug|Win32.Deploy.0 = Debug|Win32
		{4493B18D-9CF6-4AD9-8A7F-E258803963EA}.Debug|x64.ActiveCfg = Debug|x64
		{4493B18D-9CF6-4AD9-8A7F-E258803963EA}.Debug|x64.Build.0 = Debug|x64
		{4493B18D-9CF6-4AD9-8A7F-E258803963EA}.Debug|x64.Deploy.0 = Debug|x64
		{4493B18D-9CF6-4AD9-8A7F-E258803963EA}.Debug|ARM64.ActiveCfg = Debug|ARM64
		{4493B18D-9CF6-4AD9-8A7F-E258803963EA}.Debug|ARM64.Build.0 = Debug|ARM64
		{4493B18D-9CF6-4AD9-8A7F-E258803963EA}.Debug|ARM64.Deploy.0 = Debug|ARM64
		{4493B18D-9CF6-4AD9-8A7F-E258803963EA}.Release|Win32.ActiveCfg = Release|Win32
		{4493B18D-9CF6-4AD9-8A7F-E258803963EA}.Release|Win32.Build.0 = Release|Win32
		{4493B18D-9CF6-4AD9-8A7F-E258803963EA}.Release|Win32.Deploy.0 = Release|Win32
		{4493B18D-9CF6-4AD9-8A7F-E258803963EA}.Release|x64.ActiveCfg = Release|x64
		{4493B18D-9CF6-4AD9-8A7F-E258803963EA}.Release|x64.Build.0 = Release|x64
		{4493B18D-9CF6-4AD9-8A7F-E258803963EA}.Release|x64.Deploy.0 = Release|x64
		{4493B18D-9CF6-4AD9-8A7F-E258803963EA}.Release|ARM64.ActiveCfg = Release|ARM64
		{4493B18D-9CF6-4AD9-8A7F-E258803963EA}.Release|ARM64.Build.0 = Release|ARM64
		{4493B18D-9CF6-4AD9-8A7F-E258803963EA}.Release|ARM64.Deploy.0 = Release|ARM64
		{7E2D979D-DD28-4BE8-B572-BA5A66678F38}.Debug|Win32.ActiveCfg = Debug|Win32
		{7E2D979D-DD28-4BE8-B572-BA5A66678F38}.Debug|Win32.Build.0 = Debug|Win32
		{7E2D979D-DD28-4BE8-B572-BA5A66678F38}.Debug|Win32.Deploy.0 = Debug|Win32
		{7E2D979D-DD28-4BE8-B572-BA5A66678F38}.Debug|x64.ActiveCfg = Debug|x64
		{7E2D979D-DD28-4BE8-B572-BA5A66678F38}.Debug|x64.Build.0 = Debug|x64
		{7E2D979D-DD28-4BE8-B572-BA5A66678F38}.Debug|x64.Deploy.0 = Debug|x64
		{7E2D979D-DD28-4BE8-B572-BA5A66678F38}.Debug|ARM64.ActiveCfg = Debug|ARM64
		{7E2D979D-DD28-4BE8-B572-BA5A66678F38}.Debug|ARM64.Build.0 = Debug|ARM64
		{7E2D979D-DD28-4BE8-B572-BA5A66678F38}.Debug|ARM64.Deploy.0 = Debug|ARM64
		{7E2D979D-DD28-4BE8-B572-BA5A66678F38}.Release|Win32.ActiveCfg = Release|Win32
		{7E2D979D-DD28-4BE8-B572-BA5A66678F38}.Release|Win32.Build.0 = Release|Win32
		{7E2D979D-DD28-4BE8-B572-BA5A66678F38}.Release|Win32.Deploy.0 = Release|Win32
		{7E2D979D-DD28-4BE8-B572-BA5A66678F38}.Release|x64.ActiveCfg = Release|x64
		{7E2D979D-DD28-4BE8-B572-BA5A66678F38}.Release|x64.Build.0 = Release|x64
		{7E2D979D-DD28-4BE8-B572-BA5A66678F38}.Release|x64.Deploy.0 = Release|x64
		{7E2D979D-DD28-4BE8-B572-BA5A66678F38}.Release|ARM64.ActiveCfg = Release|ARM64
		{7E2D979D-DD28-4BE8-B572-BA5A66678F38}.Release|ARM64.Build.0 = Release|ARM64
		{7E2D979D-DD28-4BE8-B572-BA5A66678F38}.Release|ARM64.Deploy.0 = Release|ARM64
		{481984EE-9BDF-4712-A8AD-EA319E00205C}.Debug|Win32.ActiveCfg = Debug|Win32
		{481984EE-9BDF-4712-A8AD-EA319E00205C}.Debug|Win32.Build.0 = Debug|Win32
		{481984EE-9BDF-4712-A8AD-EA319E00205C}.Debug|Win32.Deploy.0 = Debug|Win32
		{481984EE-9BDF-4712-A8AD-EA319E00205C}.Debug|x64.ActiveCfg = Debug|x64
		{481984EE-9BDF-4712-A8AD-EA319E00205C}.Debug|x64.Build.0 = Debug|x64
		{481984EE-9BDF-4712-A8AD-EA319E00205C}.Debug|x64.Deploy.0 = Debug|x64
		{481984EE-9BDF-4712-A8AD-EA319E00205C}.Debug|ARM64.ActiveCfg = Debug|ARM64
		{481984EE-9BDF-4712-A8AD-EA319E00205C}.Debug|ARM64.Build.0 = Debug|ARM64
		{481984EE-9BDF-4712-A8AD-EA319E00205C}.Debug|ARM64.Deploy.0 = Debug|ARM64
		{481984EE-9BDF-4712-A8AD-EA319E00205C}.Release|Win32.ActiveCfg = Release|Win32
		{481984EE-9BDF-4712-A8AD-EA319E00205C}.Release|Win32.Build.0 = Release|Win32
		{481984EE-9BDF-4712-A8AD-EA319E00205C}.Release|Win32.Deploy.0 = Release|Win32
		{481984EE-9BDF-4712-A8AD-EA319E00205C}.Release|x64.ActiveCfg = Release|x64
		{481984EE-9BDF-4712-A8AD-EA319E00205C}.Release|x64.Build.0 = Release|x64
		{481984EE-9BDF-4712-A8AD-EA319E00205C}.Release|x64.Deploy.0 = Release|x64
		{481984EE-9BDF-4712-A8AD-EA319E00205C}.Release|ARM64.ActiveCfg = Release|ARM64
		{481984EE-9BDF-4712-A8AD-EA319E00205C}.Release|ARM64.Build.0 = Release|ARM64
		{481984EE-9BDF-4712-A8AD-EA319E00205C}.Release|ARM64.Deploy.0 = Release|ARM64
		{BEB86031-3C89-4BCC-97C4-C96DACC200F7}.Debug|Win32.ActiveCfg = Debug|Win32
		{BEB86031-3C89-4BCC-97C4-C96DACC200F7}.Debug|Win32.Build.0 = Debug|Win32
		{BEB86031-3C89-4BCC-97C4-C96DACC200F7}.Debug|Win32.Deploy.0 = Debug|Win32
		{BEB86031-3C89-4BCC-97C4-C96DACC200F7}.Debug|x64.ActiveCfg = Debug|x64
		{BEB86031-3C89-4BCC-97C4-C96DACC200F7}.Debug|x64.Build.0 = Debug|x64
		{BEB86031-3C89-4BCC-97C4-C96DACC200F7}.Debug|x64.Deploy.0 = Debug|x64
		{BEB86031-3C89-4BCC-97C4-C96DACC200F7}.Debug|ARM64.ActiveCfg = Debug|ARM64
		{BEB86031-3C89-4BCC-97C4-C96DACC200F7}.Debug|ARM64.Build.0 = Debug|ARM64
		{BEB86031-3C89-4BCC-97C4-C96DACC200F7}.Debug|ARM64.Deploy.0 = Debug|ARM64
		{BEB86031-3C89-4BCC-97C4-C96DACC200F7}.Release|Win32.ActiveCfg = Release|Win32
		{BEB86031-3C89-4BCC-97C4-C96DACC200F7}.Release|Win32.Build.0 = Release|Win32
		{BEB86031-3C89-4BCC-97C4-C96DACC200F7}.Release|Win32.Deploy.0 = Release|Win32
		{BEB86031-3C89-4BCC-97C4-C96DACC200F7}.Release|x64.ActiveCfg = Release|x64
		{BEB86031-3C89-4BCC-97C4-C96DACC200F7}.Release|x64.Build.0 = Release|x64
		{BEB86031-3C89-4BCC-97C4-C96DACC200F7}.Release|x64.Deploy.0 = Release|x64
		{BEB86031-3C89-4BCC-97C4-C96DACC200F7}.Release|ARM64.ActiveCfg = Release|ARM64
		{BEB86031-3C89-4BCC-97C4-C96DACC200F7}.Release|ARM64.Build.0 = Release|ARM64
		{BEB86031-3C89-4BCC-97C4-C96DACC200F7}.Release|ARM64.Deploy.0 = Release|ARM64
		{C5E8DF3B-0A7C-4C59-8D48-654501B460FB}.Debug|Win32.ActiveCfg = Debug|Win32
		{C5E8DF3B-0A7C-4C59-8D48-654501B460FB}.Debug|Win32.Build.0 = Debug|Win32
		{C5E8DF3B-0A7C-4C59-8D48-654501B460FB}.Debug|Win32.Deploy.0 = Debug|Win32
		{C5E8DF3B-0A7C-4C59-8D48-654501B460FB}.Debug|x64.ActiveCfg = Debug|x64
		{C5E8DF3B-0A7C-4C59-8D48-654501B460FB}.Debug|x64.Build.0 = Debug|x64
		{C5E8DF3B-0A7C-4C59-8D48-654501B460FB}.Debug|x64.Deploy.0 = Debug|x64
		{C5E8DF3B-0A7C-4C59-8D48-654501B460FB}.Debug|ARM64.ActiveCfg = Debug|ARM64
		{C5E8DF3B-0A7C-4C59-8D48-654501B460FB}.Debug|ARM64.Build.0 = Debug|ARM64
		{C5E8DF3B-0A7C-4C59-8D48-654501B460FB}.Debug|ARM64.Deploy.0 = Debug|ARM64
		{C5E8DF3B-0A7C-4C59-8D48-654501B460FB}.Release|Win32.ActiveCfg = Release|Win32
		{C5E8DF3B-0A7C-4C59-8D48-654501B460FB}.Release|Win32.Build.0 = Release|Win32
		{C5E8DF3B-0A7C-4C59-8D48-654501B460FB}.Release|Win32.Deploy.0 = Release|Win32
		{C5E8DF3B-0A7C-4C59-8D48-654501B460FB}.Release|x64.ActiveCfg = Release|x64
		{C5E8DF3B-0A7C-4C59-8D48-654501B460FB}.Release|x64.Build.0 = Release|x64
		{C5E8DF3B-0A7C-4C59-8D48-654501B460FB}.Release|x64.Deploy.0 = Release|x64
		{C5E8DF3B-0A7C-4C59-8D48-654501B460FB}.Release|ARM64.ActiveCfg = Release|ARM64
		{C5E8DF3B-0A7C-4C59-8D48-654501B460FB}.Release|ARM64.Build.0 = Release|ARM64
		{C5E8DF3B-0A7C-4C59-8D48-654501B460FB}.Release|ARM64.Deploy.0 = Release|ARM64
		{0BCE078E-91FF-450B-A61C-5B2DA74F1E1F}.Debug|Win32.ActiveCfg = Debug|Win32
		{0BCE078E-91FF-450B-A61C-5B2DA74F1E1F}.Debug|Win32.Build.0 = Debug|Win32
		{0BCE078E-91FF-450B-A61C-5B2DA74F1E1F}.Debug|Win32.Deploy.0 = Debug|Win32
		{0BCE078E-91FF-450B-A61C-5B2DA74F1E1F}.Debug|x64.ActiveCfg = Debug|x64
		{0BCE078E-91FF-450B-A61C-5B2DA74F1E1F}.Debug|x64.Build.0 = Debug|x64
		{0BCE078E-91FF-450B-A61C-5B2DA74F1E1F}.Debug|x64.Deploy.0 = Debug|x64
		{0BCE078E-91FF-450B-A61C-5B2DA74F1E1F}.Debug|ARM64.ActiveCfg = Debug|ARM64
		{0BCE078E-91FF-450B-A61C-5B2DA74F1E1F}.Debug|ARM64.Build.0 = Debug|ARM64
		{0BCE078E-91FF-450B-A61C-5B2DA74F1E1F}.Debug|ARM64.Deploy.0 = Debug|ARM64
		{0BCE078E-91FF-450B-A61C-5B2DA74F1E1F}.Release|Win32.ActiveCfg = Release|Win32
		{0BCE078E-91FF-450B-A61C-5B2DA74F1E1F}.Release|Win32.Build.0 = Release|Win32
		{0BCE078E-91FF-450B-A61C-5B2DA74F1E1F}.Release|Win32.Deploy.0 = Release|Win32
		{0BCE078E-91FF-450B-A61C-5B2DA74F1E1F}.Release|x64.ActiveCfg = Release|x64
		{0BCE078E-91FF-450B-A61C-5B2DA74F1E1F}.Release|x64.Build.0 = Release|x64
		{0BCE078E-91FF-450B-A61C-5B2DA74F1E1F}.Release|x64.Deploy.0 = Release|x64
		{0BCE078E-91FF-450B-A61C-5B2DA74F1E1F}.Release|ARM64.ActiveCfg = Release|ARM64
		{0BCE078E-91FF-450B-A61C-5B2DA74F1E1F}.Release|ARM64.Build.0 = Release|ARM64
		{0BCE078E-91FF-450B-A61C-5B2DA74F1E1F}.Release|ARM64.Deploy.0 = Release|ARM64
	EndGlobalSection
	GlobalSection(SolutionProperties) = preSolution
		HideSolutionNode = FALSE
	EndGlobalSection
EndGlobal
