
Microsoft Visual Studio Solution File, Format Version 11.00
# Visual Studio 15
Project("{8BC9CEB8-8B4A-11D0-8D11-00A0C91BC942}") = "3d", "3d.vcxproj", "{74E76EB0-B600-4D3D-A3CA-9A94255BDBA6}"
EndProject
Project("{8BC9CEB8-8B4A-11D0-8D11-00A0C91BC942}") = "3d_multi", "3d_multi.vcxproj", "{DD634131-7B5F-4476-A01F-1CDB97BEF52C}"
EndProject
Project("{8BC9CEB8-8B4A-11D0-8D11-00A0C91BC942}") = "event_parameter", "event_parameter.vcxproj", "{83C99B6C-D53D-4F3D-9AE1-EA53D2B92B3C}"
EndProject
Project("{8BC9CEB8-8B4A-11D0-8D11-00A0C91BC942}") = "load_banks", "load_banks.vcxproj", "{53EC1224-6412-4DD4-AEC7-DFB2E50A8145}"
EndProject
Project("{8BC9CEB8-8B4A-11D0-8D11-00A0C91BC942}") = "music_callbacks", "music_callbacks.vcxproj", "{626726D6-3EDB-4F5A-A438-65C5ADD40FB9}"
EndProject
Project("{8BC9CEB8-8B4A-11D0-8D11-00A0C91BC942}") = "objectpan", "objectpan.vcxproj", "{2E901C10-CB41-4689-BE9E-31908D1E7720}"
EndProject
Project("{8BC9CEB8-8B4A-11D0-8D11-00A0C91BC942}") = "programmer_sound", "programmer_sound.vcxproj", "{D6546DE6-8F77-43BD-AA62-B877423B96F7}"
EndProject
Project("{8BC9CEB8-8B4A-11D0-8D11-00A0C91BC942}") = "recording_playback", "recording_playback.vcxproj", "{890DA0EA-FD83-4D62-B7A2-1FF1AE52A2A9}"
EndProject
Project("{8BC9CEB8-8B4A-11D0-8D11-00A0C91BC942}") = "simple_event", "simple_event.vcxproj", "{AF530B40-232C-44A7-98CC-EDC5B3F09DAF}"
EndProject
Global
	GlobalSection(SolutionConfigurationPlatforms) = preSolution
		Debug|Win32 = Debug|Win32
		Debug|x64 = Debug|x64
		Debug|ARM64 = Debug|ARM64
		Release|Win32 = Release|Win32
		Release|x64 = Release|x64
		Release|ARM64 = Release|ARM64
	EndGlobalSection
	GlobalSection(ProjectConfigurationPlatforms) = postSolution
		{74E76EB0-B600-4D3D-A3CA-9A94255BDBA6}.Debug|Win32.ActiveCfg = Debug|Win32
		{74E76EB0-B600-4D3D-A3CA-9A94255BDBA6}.Debug|Win32.Build.0 = Debug|Win32
		{74E76EB0-B600-4D3D-A3CA-9A94255BDBA6}.Debug|Win32.Deploy.0 = Debug|Win32
		{74E76EB0-B600-4D3D-A3CA-9A94255BDBA6}.Debug|x64.ActiveCfg = Debug|x64
		{74E76EB0-B600-4D3D-A3CA-9A94255BDBA6}.Debug|x64.Build.0 = Debug|x64
		{74E76EB0-B600-4D3D-A3CA-9A94255BDBA6}.Debug|x64.Deploy.0 = Debug|x64
		{74E76EB0-B600-4D3D-A3CA-9A94255BDBA6}.Debug|ARM64.ActiveCfg = Debug|ARM64
		{74E76EB0-B600-4D3D-A3CA-9A94255BDBA6}.Debug|ARM64.Build.0 = Debug|ARM64
		{74E76EB0-B600-4D3D-A3CA-9A94255BDBA6}.Debug|ARM64.Deploy.0 = Debug|ARM64
		{74E76EB0-B600-4D3D-A3CA-9A94255BDBA6}.Release|Win32.ActiveCfg = Release|Win32
		{74E76EB0-B600-4D3D-A3CA-9A94255BDBA6}.Release|Win32.Build.0 = Release|Win32
		{74E76EB0-B600-4D3D-A3CA-9A94255BDBA6}.Release|Win32.Deploy.0 = Release|Win32
		{74E76EB0-B600-4D3D-A3CA-9A94255BDBA6}.Release|x64.ActiveCfg = Release|x64
		{74E76EB0-B600-4D3D-A3CA-9A94255BDBA6}.Release|x64.Build.0 = Release|x64
		{74E76EB0-B600-4D3D-A3CA-9A94255BDBA6}.Release|x64.Deploy.0 = Release|x64
		{74E76EB0-B600-4D3D-A3CA-9A94255BDBA6}.Release|ARM64.ActiveCfg = Release|ARM64
		{74E76EB0-B600-4D3D-A3CA-9A94255BDBA6}.Release|ARM64.Build.0 = Release|ARM64
		{74E76EB0-B600-4D3D-A3CA-9A94255BDBA6}.Release|ARM64.Deploy.0 = Release|ARM64
		{DD634131-7B5F-4476-A01F-1CDB97BEF52C}.Debug|Win32.ActiveCfg = Debug|Win32
		{DD634131-7B5F-4476-A01F-1CDB97BEF52C}.Debug|Win32.Build.0 = Debug|Win32
		{DD634131-7B5F-4476-A01F-1CDB97BEF52C}.Debug|Win32.Deploy.0 = Debug|Win32
		{DD634131-7B5F-4476-A01F-1CDB97BEF52C}.Debug|x64.ActiveCfg = Debug|x64
		{DD634131-7B5F-4476-A01F-1CDB97BEF52C}.Debug|x64.Build.0 = Debug|x64
		{DD634131-7B5F-4476-A01F-1CDB97BEF52C}.Debug|x64.Deploy.0 = Debug|x64
		{DD634131-7B5F-4476-A01F-1CDB97BEF52C}.Debug|ARM64.ActiveCfg = Debug|ARM64
		{DD634131-7B5F-4476-A01F-1CDB97BEF52C}.Debug|ARM64.Build.0 = Debug|ARM64
		{DD634131-7B5F-4476-A01F-1CDB97BEF52C}.Debug|ARM64.Deploy.0 = Debug|ARM64
		{DD634131-7B5F-4476-A01F-1CDB97BEF52C}.Release|Win32.ActiveCfg = Release|Win32
		{DD634131-7B5F-4476-A01F-1CDB97BEF52C}.Release|Win32.Build.0 = Release|Win32
		{DD634131-7B5F-4476-A01F-1CDB97BEF52C}.Release|Win32.Deploy.0 = Release|Win32
		{DD634131-7B5F-4476-A01F-1CDB97BEF52C}.Release|x64.ActiveCfg = Release|x64
		{DD634131-7B5F-4476-A01F-1CDB97BEF52C}.Release|x64.Build.0 = Release|x64
		{DD634131-7B5F-4476-A01F-1CDB97BEF52C}.Release|x64.Deploy.0 = Release|x64
		{DD634131-7B5F-4476-A01F-1CDB97BEF52C}.Release|ARM64.ActiveCfg = Release|ARM64
		{DD634131-7B5F-4476-A01F-1CDB97BEF52C}.Release|ARM64.Build.0 = Release|ARM64
		{DD634131-7B5F-4476-A01F-1CDB97BEF52C}.Release|ARM64.Deploy.0 = Release|ARM64
		{83C99B6C-D53D-4F3D-9AE1-EA53D2B92B3C}.Debug|Win32.ActiveCfg = Debug|Win32
		{83C99B6C-D53D-4F3D-9AE1-EA53D2B92B3C}.Debug|Win32.Build.0 = Debug|Win32
		{83C99B6C-D53D-4F3D-9AE1-EA53D2B92B3C}.Debug|Win32.Deploy.0 = Debug|Win32
		{83C99B6C-D53D-4F3D-9AE1-EA53D2B92B3C}.Debug|x64.ActiveCfg = Debug|x64
		{83C99B6C-D53D-4F3D-9AE1-EA53D2B92B3C}.Debug|x64.Build.0 = Debug|x64
		{83C99B6C-D53D-4F3D-9AE1-EA53D2B92B3C}.Debug|x64.Deploy.0 = Debug|x64
		{83C99B6C-D53D-4F3D-9AE1-EA53D2B92B3C}.Debug|ARM64.ActiveCfg = Debug|ARM64
		{83C99B6C-D53D-4F3D-9AE1-EA53D2B92B3C}.Debug|ARM64.Build.0 = Debug|ARM64
		{83C99B6C-D53D-4F3D-9AE1-EA53D2B92B3C}.Debug|ARM64.Deploy.0 = Debug|ARM64
		{83C99B6C-D53D-4F3D-9AE1-EA53D2B92B3C}.Release|Win32.ActiveCfg = Release|Win32
		{83C99B6C-D53D-4F3D-9AE1-EA53D2B92B3C}.Release|Win32.Build.0 = Release|Win32
		{83C99B6C-D53D-4F3D-9AE1-EA53D2B92B3C}.Release|Win32.Deploy.0 = Release|Win32
		{83C99B6C-D53D-4F3D-9AE1-EA53D2B92B3C}.Release|x64.ActiveCfg = Release|x64
		{83C99B6C-D53D-4F3D-9AE1-EA53D2B92B3C}.Release|x64.Build.0 = Release|x64
		{83C99B6C-D53D-4F3D-9AE1-EA53D2B92B3C}.Release|x64.Deploy.0 = Release|x64
		{83C99B6C-D53D-4F3D-9AE1-EA53D2B92B3C}.Release|ARM64.ActiveCfg = Release|ARM64
		{83C99B6C-D53D-4F3D-9AE1-EA53D2B92B3C}.Release|ARM64.Build.0 = Release|ARM64
		{83C99B6C-D53D-4F3D-9AE1-EA53D2B92B3C}.Release|ARM64.Deploy.0 = Release|ARM64
		{53EC1224-6412-4DD4-AEC7-DFB2E50A8145}.Debug|Win32.ActiveCfg = Debug|Win32
		{53EC1224-6412-4DD4-AEC7-DFB2E50A8145}.Debug|Win32.Build.0 = Debug|Win32
		{53EC1224-6412-4DD4-AEC7-DFB2E50A8145}.Debug|Win32.Deploy.0 = Debug|Win32
		{53EC1224-6412-4DD4-AEC7-DFB2E50A8145}.Debug|x64.ActiveCfg = Debug|x64
		{53EC1224-6412-4DD4-AEC7-DFB2E50A8145}.Debug|x64.Build.0 = Debug|x64
		{53EC1224-6412-4DD4-AEC7-DFB2E50A8145}.Debug|x64.Deploy.0 = Debug|x64
		{53EC1224-6412-4DD4-AEC7-DFB2E50A8145}.Debug|ARM64.ActiveCfg = Debug|ARM64
		{53EC1224-6412-4DD4-AEC7-DFB2E50A8145}.Debug|ARM64.Build.0 = Debug|ARM64
		{53EC1224-6412-4DD4-AEC7-DFB2E50A8145}.Debug|ARM64.Deploy.0 = Debug|ARM64
		{53EC1224-6412-4DD4-AEC7-DFB2E50A8145}.Release|Win32.ActiveCfg = Release|Win32
		{53EC1224-6412-4DD4-AEC7-DFB2E50A8145}.Release|Win32.Build.0 = Release|Win32
		{53EC1224-6412-4DD4-AEC7-DFB2E50A8145}.Release|Win32.Deploy.0 = Release|Win32
		{53EC1224-6412-4DD4-AEC7-DFB2E50A8145}.Release|x64.ActiveCfg = Release|x64
		{53EC1224-6412-4DD4-AEC7-DFB2E50A8145}.Release|x64.Build.0 = Release|x64
		{53EC1224-6412-4DD4-AEC7-DFB2E50A8145}.Release|x64.Deploy.0 = Release|x64
		{53EC1224-6412-4DD4-AEC7-DFB2E50A8145}.Release|ARM64.ActiveCfg = Release|ARM64
		{53EC1224-6412-4DD4-AEC7-DFB2E50A8145}.Release|ARM64.Build.0 = Release|ARM64
		{53EC1224-6412-4DD4-AEC7-DFB2E50A8145}.Release|ARM64.Deploy.0 = Release|ARM64
		{626726D6-3EDB-4F5A-A438-65C5ADD40FB9}.Debug|Win32.ActiveCfg = Debug|Win32
		{626726D6-3EDB-4F5A-A438-65C5ADD40FB9}.Debug|Win32.Build.0 = Debug|Win32
		{626726D6-3EDB-4F5A-A438-65C5ADD40FB9}.Debug|Win32.Deploy.0 = Debug|Win32
		{626726D6-3EDB-4F5A-A438-65C5ADD40FB9}.Debug|x64.ActiveCfg = Debug|x64
		{626726D6-3EDB-4F5A-A438-65C5ADD40FB9}.Debug|x64.Build.0 = Debug|x64
		{626726D6-3EDB-4F5A-A438-65C5ADD40FB9}.Debug|x64.Deploy.0 = Debug|x64
		{626726D6-3EDB-4F5A-A438-65C5ADD40FB9}.Debug|ARM64.ActiveCfg = Debug|ARM64
		{626726D6-3EDB-4F5A-A438-65C5ADD40FB9}.Debug|ARM64.Build.0 = Debug|ARM64
		{626726D6-3EDB-4F5A-A438-65C5ADD40FB9}.Debug|ARM64.Deploy.0 = Debug|ARM64
		{626726D6-3EDB-4F5A-A438-65C5ADD40FB9}.Release|Win32.ActiveCfg = Release|Win32
		{626726D6-3EDB-4F5A-A438-65C5ADD40FB9}.Release|Win32.Build.0 = Release|Win32
		{626726D6-3EDB-4F5A-A438-65C5ADD40FB9}.Release|Win32.Deploy.0 = Release|Win32
		{626726D6-3EDB-4F5A-A438-65C5ADD40FB9}.Release|x64.ActiveCfg = Release|x64
		{626726D6-3EDB-4F5A-A438-65C5ADD40FB9}.Release|x64.Build.0 = Release|x64
		{626726D6-3EDB-4F5A-A438-65C5ADD40FB9}.Release|x64.Deploy.0 = Release|x64
		{626726D6-3EDB-4F5A-A438-65C5ADD40FB9}.Release|ARM64.ActiveCfg = Release|ARM64
		{626726D6-3EDB-4F5A-A438-65C5ADD40FB9}.Release|ARM64.Build.0 = Release|ARM64
		{626726D6-3EDB-4F5A-A438-65C5ADD40FB9}.Release|ARM64.Deploy.0 = Release|ARM64
		{2E901C10-CB41-4689-BE9E-31908D1E7720}.Debug|Win32.ActiveCfg = Debug|Win32
		{2E901C10-CB41-4689-BE9E-31908D1E7720}.Debug|Win32.Build.0 = Debug|Win32
		{2E901C10-CB41-4689-BE9E-31908D1E7720}.Debug|Win32.Deploy.0 = Debug|Win32
		{2E901C10-CB41-4689-BE9E-31908D1E7720}.Debug|x64.ActiveCfg = Debug|x64
		{2E901C10-CB41-4689-BE9E-31908D1E7720}.Debug|x64.Build.0 = Debug|x64
		{2E901C10-CB41-4689-BE9E-31908D1E7720}.Debug|x64.Deploy.0 = Debug|x64
		{2E901C10-CB41-4689-BE9E-31908D1E7720}.Debug|ARM64.ActiveCfg = Debug|ARM64
		{2E901C10-CB41-4689-BE9E-31908D1E7720}.Debug|ARM64.Build.0 = Debug|ARM64
		{2E901C10-CB41-4689-BE9E-31908D1E7720}.Debug|ARM64.Deploy.0 = Debug|ARM64
		{2E901C10-CB41-4689-BE9E-31908D1E7720}.Release|Win32.ActiveCfg = Release|Win32
		{2E901C10-CB41-4689-BE9E-31908D1E7720}.Release|Win32.Build.0 = Release|Win32
		{2E901C10-CB41-4689-BE9E-31908D1E7720}.Release|Win32.Deploy.0 = Release|Win32
		{2E901C10-CB41-4689-BE9E-31908D1E7720}.Release|x64.ActiveCfg = Release|x64
		{2E901C10-CB41-4689-BE9E-31908D1E7720}.Release|x64.Build.0 = Release|x64
		{2E901C10-CB41-4689-BE9E-31908D1E7720}.Release|x64.Deploy.0 = Release|x64
		{2E901C10-CB41-4689-BE9E-31908D1E7720}.Release|ARM64.ActiveCfg = Release|ARM64
		{2E901C10-CB41-4689-BE9E-31908D1E7720}.Release|ARM64.Build.0 = Release|ARM64
		{2E901C10-CB41-4689-BE9E-31908D1E7720}.Release|ARM64.Deploy.0 = Release|ARM64
		{D6546DE6-8F77-43BD-AA62-B877423B96F7}.Debug|Win32.ActiveCfg = Debug|Win32
		{D6546DE6-8F77-43BD-AA62-B877423B96F7}.Debug|Win32.Build.0 = Debug|Win32
		{D6546DE6-8F77-43BD-AA62-B877423B96F7}.Debug|Win32.Deploy.0 = Debug|Win32
		{D6546DE6-8F77-43BD-AA62-B877423B96F7}.Debug|x64.ActiveCfg = Debug|x64
		{D6546DE6-8F77-43BD-AA62-B877423B96F7}.Debug|x64.Build.0 = Debug|x64
		{D6546DE6-8F77-43BD-AA62-B877423B96F7}.Debug|x64.Deploy.0 = Debug|x64
		{D6546DE6-8F77-43BD-AA62-B877423B96F7}.Debug|ARM64.ActiveCfg = Debug|ARM64
		{D6546DE6-8F77-43BD-AA62-B877423B96F7}.Debug|ARM64.Build.0 = Debug|ARM64
		{D6546DE6-8F77-43BD-AA62-B877423B96F7}.Debug|ARM64.Deploy.0 = Debug|ARM64
		{D6546DE6-8F77-43BD-AA62-B877423B96F7}.Release|Win32.ActiveCfg = Release|Win32
		{D6546DE6-8F77-43BD-AA62-B877423B96F7}.Release|Win32.Build.0 = Release|Win32
		{D6546DE6-8F77-43BD-AA62-B877423B96F7}.Release|Win32.Deploy.0 = Release|Win32
		{D6546DE6-8F77-43BD-AA62-B877423B96F7}.Release|x64.ActiveCfg = Release|x64
		{D6546DE6-8F77-43BD-AA62-B877423B96F7}.Release|x64.Build.0 = Release|x64
		{D6546DE6-8F77-43BD-AA62-B877423B96F7}.Release|x64.Deploy.0 = Release|x64
		{D6546DE6-8F77-43BD-AA62-B877423B96F7}.Release|ARM64.ActiveCfg = Release|ARM64
		{D6546DE6-8F77-43BD-AA62-B877423B96F7}.Release|ARM64.Build.0 = Release|ARM64
		{D6546DE6-8F77-43BD-AA62-B877423B96F7}.Release|ARM64.Deploy.0 = Release|ARM64
		{890DA0EA-FD83-4D62-B7A2-1FF1AE52A2A9}.Debug|Win32.ActiveCfg = Debug|Win32
		{890DA0EA-FD83-4D62-B7A2-1FF1AE52A2A9}.Debug|Win32.Build.0 = Debug|Win32
		{890DA0EA-FD83-4D62-B7A2-1FF1AE52A2A9}.Debug|Win32.Deploy.0 = Debug|Win32
		{890DA0EA-FD83-4D62-B7A2-1FF1AE52A2A9}.Debug|x64.ActiveCfg = Debug|x64
		{890DA0EA-FD83-4D62-B7A2-1FF1AE52A2A9}.Debug|x64.Build.0 = Debug|x64
		{890DA0EA-FD83-4D62-B7A2-1FF1AE52A2A9}.Debug|x64.Deploy.0 = Debug|x64
		{890DA0EA-FD83-4D62-B7A2-1FF1AE52A2A9}.Debug|ARM64.ActiveCfg = Debug|ARM64
		{890DA0EA-FD83-4D62-B7A2-1FF1AE52A2A9}.Debug|ARM64.Build.0 = Debug|ARM64
		{890DA0EA-FD83-4D62-B7A2-1FF1AE52A2A9}.Debug|ARM64.Deploy.0 = Debug|ARM64
		{890DA0EA-FD83-4D62-B7A2-1FF1AE52A2A9}.Release|Win32.ActiveCfg = Release|Win32
		{890DA0EA-FD83-4D62-B7A2-1FF1AE52A2A9}.Release|Win32.Build.0 = Release|Win32
		{890DA0EA-FD83-4D62-B7A2-1FF1AE52A2A9}.Release|Win32.Deploy.0 = Release|Win32
		{890DA0EA-FD83-4D62-B7A2-1FF1AE52A2A9}.Release|x64.ActiveCfg = Release|x64
		{890DA0EA-FD83-4D62-B7A2-1FF1AE52A2A9}.Release|x64.Build.0 = Release|x64
		{890DA0EA-FD83-4D62-B7A2-1FF1AE52A2A9}.Release|x64.Deploy.0 = Release|x64
		{890DA0EA-FD83-4D62-B7A2-1FF1AE52A2A9}.Release|ARM64.ActiveCfg = Release|ARM64
		{890DA0EA-FD83-4D62-B7A2-1FF1AE52A2A9}.Release|ARM64.Build.0 = Release|ARM64
		{890DA0EA-FD83-4D62-B7A2-1FF1AE52A2A9}.Release|ARM64.Deploy.0 = Release|ARM64
		{AF530B40-232C-44A7-98CC-EDC5B3F09DAF}.Debug|Win32.ActiveCfg = Debug|Win32
		{AF530B40-232C-44A7-98CC-EDC5B3F09DAF}.Debug|Win32.Build.0 = Debug|Win32
		{AF530B40-232C-44A7-98CC-EDC5B3F09DAF}.Debug|Win32.Deploy.0 = Debug|Win32
		{AF530B40-232C-44A7-98CC-EDC5B3F09DAF}.Debug|x64.ActiveCfg = Debug|x64
		{AF530B40-232C-44A7-98CC-EDC5B3F09DAF}.Debug|x64.Build.0 = Debug|x64
		{AF530B40-232C-44A7-98CC-EDC5B3F09DAF}.Debug|x64.Deploy.0 = Debug|x64
		{AF530B40-232C-44A7-98CC-EDC5B3F09DAF}.Debug|ARM64.ActiveCfg = Debug|ARM64
		{AF530B40-232C-44A7-98CC-EDC5B3F09DAF}.Debug|ARM64.Build.0 = Debug|ARM64
		{AF530B40-232C-44A7-98CC-EDC5B3F09DAF}.Debug|ARM64.Deploy.0 = Debug|ARM64
		{AF530B40-232C-44A7-98CC-EDC5B3F09DAF}.Release|Win32.ActiveCfg = Release|Win32
		{AF530B40-232C-44A7-98CC-EDC5B3F09DAF}.Release|Win32.Build.0 = Release|Win32
		{AF530B40-232C-44A7-98CC-EDC5B3F09DAF}.Release|Win32.Deploy.0 = Release|Win32
		{AF530B40-232C-44A7-98CC-EDC5B3F09DAF}.Release|x64.ActiveCfg = Release|x64
		{AF530B40-232C-44A7-98CC-EDC5B3F09DAF}.Release|x64.Build.0 = Release|x64
		{AF530B40-232C-44A7-98CC-EDC5B3F09DAF}.Release|x64.Deploy.0 = Release|x64
		{AF530B40-232C-44A7-98CC-EDC5B3F09DAF}.Release|ARM64.ActiveCfg = Release|ARM64
		{AF530B40-232C-44A7-98CC-EDC5B3F09DAF}.Release|ARM64.Build.0 = Release|ARM64
		{AF530B40-232C-44A7-98CC-EDC5B3F09DAF}.Release|ARM64.Deploy.0 = Release|ARM64
	EndGlobalSection
	GlobalSection(SolutionProperties) = preSolution
		HideSolutionNode = FALSE
	EndGlobalSection
EndGlobal
